// !$*UTF8*$!
{
	archiveVersion = 1;
	classes = {
	};
	objectVersion = 46;
	objects = {

/* Begin PBXBuildFile section */
		6400DDD9180C5DE000443362 /* Foundation.framework in Frameworks */ = {isa = PBXBuildFile; fileRef = 6400DDD8180C5DE000443362 /* Foundation.framework */; };
		6400DDDB180C5DE000443362 /* CoreGraphics.framework in Frameworks */ = {isa = PBXBuildFile; fileRef = 6400DDDA180C5DE000443362 /* CoreGraphics.framework */; };
		6400DDDD180C5DE000443362 /* UIKit.framework in Frameworks */ = {isa = PBXBuildFile; fileRef = 6400DDDC180C5DE000443362 /* UIKit.framework */; };
		6400DDE3180C5DE000443362 /* InfoPlist.strings in Resources */ = {isa = PBXBuildFile; fileRef = 6400DDE1180C5DE000443362 /* InfoPlist.strings */; };
		6400DDE5180C5DE000443362 /* main.m in Sources */ = {isa = PBXBuildFile; fileRef = 6400DDE4180C5DE000443362 /* main.m */; };
		6400DDE9180C5DE000443362 /* G8AppDelegate.m in Sources */ = {isa = PBXBuildFile; fileRef = 6400DDE8180C5DE000443362 /* G8AppDelegate.m */; };
		6400DDEF180C5DE000443362 /* G8ViewController.m in Sources */ = {isa = PBXBuildFile; fileRef = 6400DDEE180C5DE000443362 /* G8ViewController.m */; };
		6400DDF1180C5DE000443362 /* Images.xcassets in Resources */ = {isa = PBXBuildFile; fileRef = 6400DDF0180C5DE000443362 /* Images.xcassets */; };
		64907490198A5CD500D728CC /* CoreImage.framework in Frameworks */ = {isa = PBXBuildFile; fileRef = 6490748F198A5CD500D728CC /* CoreImage.framework */; };
		64DDA74E188FD7D10025590D /* Main.storyboard in Resources */ = {isa = PBXBuildFile; fileRef = 6400DDEA180C5DE000443362 /* Main.storyboard */; };
		64DDA75B188FD9140025590D /* tessdata in Resources */ = {isa = PBXBuildFile; fileRef = 64DDA75A188FD9140025590D /* tessdata */; };
		64E40AB1180C6D4D00C36DDE /* libstdc++.6.0.9.dylib in Frameworks */ = {isa = PBXBuildFile; fileRef = 64E40AB0180C6D4D00C36DDE /* libstdc++.6.0.9.dylib */; };
		F9581174203753A50031AA09 /* LaunchScreen.storyboard in Resources */ = {isa = PBXBuildFile; fileRef = F9581173203753A50031AA09 /* LaunchScreen.storyboard */; };
/* End PBXBuildFile section */

/* Begin PBXFileReference section */
		6400DDD5180C5DE000443362 /* Template Framework Project.app */ = {isa = PBXFileReference; explicitFileType = wrapper.application; includeInIndex = 0; path = "Template Framework Project.app"; sourceTree = BUILT_PRODUCTS_DIR; };
		6400DDD8180C5DE000443362 /* Foundation.framework */ = {isa = PBXFileReference; lastKnownFileType = wrapper.framework; name = Foundation.framework; path = System/Library/Frameworks/Foundation.framework; sourceTree = SDKROOT; };
		6400DDDA180C5DE000443362 /* CoreGraphics.framework */ = {isa = PBXFileReference; lastKnownFileType = wrapper.framework; name = CoreGraphics.framework; path = System/Library/Frameworks/CoreGraphics.framework; sourceTree = SDKROOT; };
		6400DDDC180C5DE000443362 /* UIKit.framework */ = {isa = PBXFileReference; lastKnownFileType = wrapper.framework; name = UIKit.framework; path = System/Library/Frameworks/UIKit.framework; sourceTree = SDKROOT; };
		6400DDE0180C5DE000443362 /* Template Framework Project-Info.plist */ = {isa = PBXFileReference; lastKnownFileType = text.plist.xml; path = "Template Framework Project-Info.plist"; sourceTree = "<group>"; };
		6400DDE2180C5DE000443362 /* en */ = {isa = PBXFileReference; lastKnownFileType = text.plist.strings; name = en; path = en.lproj/InfoPlist.strings; sourceTree = "<group>"; };
		6400DDE4180C5DE000443362 /* main.m */ = {isa = PBXFileReference; lastKnownFileType = sourcecode.c.objc; path = main.m; sourceTree = "<group>"; };
		6400DDE7180C5DE000443362 /* G8AppDelegate.h */ = {isa = PBXFileReference; lastKnownFileType = sourcecode.c.h; path = G8AppDelegate.h; sourceTree = "<group>"; };
		6400DDE8180C5DE000443362 /* G8AppDelegate.m */ = {isa = PBXFileReference; lastKnownFileType = sourcecode.c.objc; path = G8AppDelegate.m; sourceTree = "<group>"; };
		6400DDEB180C5DE000443362 /* Base */ = {isa = PBXFileReference; lastKnownFileType = file.storyboard; name = Base; path = Base.lproj/Main.storyboard; sourceTree = "<group>"; };
		6400DDED180C5DE000443362 /* G8ViewController.h */ = {isa = PBXFileReference; lastKnownFileType = sourcecode.c.h; path = G8ViewController.h; sourceTree = "<group>"; };
		6400DDEE180C5DE000443362 /* G8ViewController.m */ = {isa = PBXFileReference; lastKnownFileType = sourcecode.c.objc; path = G8ViewController.m; sourceTree = "<group>"; };
		6400DDF0180C5DE000443362 /* Images.xcassets */ = {isa = PBXFileReference; lastKnownFileType = folder.assetcatalog; path = Images.xcassets; sourceTree = "<group>"; };
		6490748F198A5CD500D728CC /* CoreImage.framework */ = {isa = PBXFileReference; lastKnownFileType = wrapper.framework; name = CoreImage.framework; path = System/Library/Frameworks/CoreImage.framework; sourceTree = SDKROOT; };
		64DDA75A188FD9140025590D /* tessdata */ = {isa = PBXFileReference; lastKnownFileType = folder; path = tessdata; sourceTree = "<group>"; };
		64E40AB0180C6D4D00C36DDE /* libstdc++.6.0.9.dylib */ = {isa = PBXFileReference; lastKnownFileType = "compiled.mach-o.dylib"; name = "libstdc++.6.0.9.dylib"; path = "usr/lib/libstdc++.6.0.9.dylib"; sourceTree = SDKROOT; };
		73C0A7BE1A59565100D823D4 /* TesseractOCR.framework */ = {isa = PBXFileReference; lastKnownFileType = wrapper.framework; path = TesseractOCR.framework; sourceTree = BUILT_PRODUCTS_DIR; };
		F9581173203753A50031AA09 /* LaunchScreen.storyboard */ = {isa = PBXFileReference; lastKnownFileType = file.storyboard; path = LaunchScreen.storyboard; sourceTree = "<group>"; };
/* End PBXFileReference section */

/* Begin PBXFrameworksBuildPhase section */
		6400DDD2180C5DE000443362 /* Frameworks */ = {
			isa = PBXFrameworksBuildPhase;
			buildActionMask = 2147483647;
			files = (
				64907490198A5CD500D728CC /* CoreImage.framework in Frameworks */,
				64E40AB1180C6D4D00C36DDE /* libstdc++.6.0.9.dylib in Frameworks */,
				6400DDDB180C5DE000443362 /* CoreGraphics.framework in Frameworks */,
				6400DDDD180C5DE000443362 /* UIKit.framework in Frameworks */,
				6400DDD9180C5DE000443362 /* Foundation.framework in Frameworks */,
			);
			runOnlyForDeploymentPostprocessing = 0;
		};
/* End PBXFrameworksBuildPhase section */

/* Begin PBXGroup section */
		6400DDCC180C5DE000443362 = {
			isa = PBXGroup;
			children = (
				6400DDDE180C5DE000443362 /* Template Framework Project */,
				6400DDD7180C5DE000443362 /* Frameworks */,
				6400DDD6180C5DE000443362 /* Products */,
			);
			sourceTree = "<group>";
		};
		6400DDD6180C5DE000443362 /* Products */ = {
			isa = PBXGroup;
			children = (
				6400DDD5180C5DE000443362 /* Template Framework Project.app */,
			);
			name = Products;
			sourceTree = "<group>";
		};
		6400DDD7180C5DE000443362 /* Frameworks */ = {
			isa = PBXGroup;
			children = (
				73C0A7BE1A59565100D823D4 /* TesseractOCR.framework */,
				6490748F198A5CD500D728CC /* CoreImage.framework */,
				64E40AB0180C6D4D00C36DDE /* libstdc++.6.0.9.dylib */,
				6400DDD8180C5DE000443362 /* Foundation.framework */,
				6400DDDA180C5DE000443362 /* CoreGraphics.framework */,
				6400DDDC180C5DE000443362 /* UIKit.framework */,
			);
			name = Frameworks;
			sourceTree = "<group>";
		};
		6400DDDE180C5DE000443362 /* Template Framework Project */ = {
			isa = PBXGroup;
			children = (
				64DDA75A188FD9140025590D /* tessdata */,
				6400DDE7180C5DE000443362 /* G8AppDelegate.h */,
				6400DDE8180C5DE000443362 /* G8AppDelegate.m */,
				6400DDEA180C5DE000443362 /* Main.storyboard */,
				6400DDED180C5DE000443362 /* G8ViewController.h */,
				6400DDEE180C5DE000443362 /* G8ViewController.m */,
				F9581173203753A50031AA09 /* LaunchScreen.storyboard */,
				6400DDF0180C5DE000443362 /* Images.xcassets */,
				6400DDDF180C5DE000443362 /* Supporting Files */,
			);
			path = "Template Framework Project";
			sourceTree = "<group>";
		};
		6400DDDF180C5DE000443362 /* Supporting Files */ = {
			isa = PBXGroup;
			children = (
				6400DDE0180C5DE000443362 /* Template Framework Project-Info.plist */,
				6400DDE1180C5DE000443362 /* InfoPlist.strings */,
				6400DDE4180C5DE000443362 /* main.m */,
			);
			name = "Supporting Files";
			sourceTree = "<group>";
		};
/* End PBXGroup section */

/* Begin PBXNativeTarget section */
		6400DDD4180C5DE000443362 /* Template Framework Project */ = {
			isa = PBXNativeTarget;
			buildConfigurationList = 6400DE07180C5DE100443362 /* Build configuration list for PBXNativeTarget "Template Framework Project" */;
			buildPhases = (
				6400DDD1180C5DE000443362 /* Sources */,
				6400DDD2180C5DE000443362 /* Frameworks */,
				6400DDD3180C5DE000443362 /* Resources */,
			);
			buildRules = (
			);
			dependencies = (
			);
			name = "Template Framework Project";
			productName = "Template Framework Project";
			productReference = 6400DDD5180C5DE000443362 /* Template Framework Project.app */;
			productType = "com.apple.product-type.application";
		};
/* End PBXNativeTarget section */

/* Begin PBXProject section */
		6400DDCD180C5DE000443362 /* Project object */ = {
			isa = PBXProject;
			attributes = {
				CLASSPREFIX = G8;
				LastUpgradeCheck = 0920;
				ORGANIZATIONNAME = "Daniele Galiotto - www.g8production.com";
			};
			buildConfigurationList = 6400DDD0180C5DE000443362 /* Build configuration list for PBXProject "Example Objc" */;
			compatibilityVersion = "Xcode 3.2";
			developmentRegion = English;
			hasScannedForEncodings = 0;
			knownRegions = (
				en,
				Base,
			);
			mainGroup = 6400DDCC180C5DE000443362;
			productRefGroup = 6400DDD6180C5DE000443362 /* Products */;
			projectDirPath = "";
			projectRoot = "";
			targets = (
				6400DDD4180C5DE000443362 /* Template Framework Project */,
			);
		};
/* End PBXProject section */

/* Begin PBXResourcesBuildPhase section */
		6400DDD3180C5DE000443362 /* Resources */ = {
			isa = PBXResourcesBuildPhase;
			buildActionMask = 2147483647;
			files = (
				6400DDF1180C5DE000443362 /* Images.xcassets in Resources */,
				64DDA75B188FD9140025590D /* tessdata in Resources */,
				F9581174203753A50031AA09 /* LaunchScreen.storyboard in Resources */,
				6400DDE3180C5DE000443362 /* InfoPlist.strings in Resources */,
				64DDA74E188FD7D10025590D /* Main.storyboard in Resources */,
			);
			runOnlyForDeploymentPostprocessing = 0;
		};
/* End PBXResourcesBuildPhase section */

/* Begin PBXSourcesBuildPhase section */
		6400DDD1180C5DE000443362 /* Sources */ = {
			isa = PBXSourcesBuildPhase;
			buildActionMask = 2147483647;
			files = (
				6400DDE5180C5DE000443362 /* main.m in Sources */,
				6400DDE9180C5DE000443362 /* G8AppDelegate.m in Sources */,
				6400DDEF180C5DE000443362 /* G8ViewController.m in Sources */,
			);
			runOnlyForDeploymentPostprocessing = 0;
		};
/* End PBXSourcesBuildPhase section */

/* Begin PBXVariantGroup section */
		6400DDE1180C5DE000443362 /* InfoPlist.strings */ = {
			isa = PBXVariantGroup;
			children = (
				6400DDE2180C5DE000443362 /* en */,
			);
			name = InfoPlist.strings;
			sourceTree = "<group>";
		};
		6400DDEA180C5DE000443362 /* Main.storyboard */ = {
			isa = PBXVariantGroup;
			children = (
				6400DDEB180C5DE000443362 /* Base */,
			);
			name = Main.storyboard;
			sourceTree = "<group>";
		};
/* End PBXVariantGroup section */

/* Begin XCBuildConfiguration section */
		6400DE05180C5DE100443362 /* Debug */ = {
			isa = XCBuildConfiguration;
			buildSettings = {
				ALWAYS_SEARCH_USER_PATHS = NO;
				CLANG_CXX_LANGUAGE_STANDARD = "gnu++0x";
				CLANG_CXX_LIBRARY = "compiler-default";
				CLANG_ENABLE_MODULES = YES;
				CLANG_ENABLE_OBJC_ARC = YES;
				CLANG_WARN_BLOCK_CAPTURE_AUTORELEASING = YES;
				CLANG_WARN_BOOL_CONVERSION = YES;
				CLANG_WARN_COMMA = YES;
				CLANG_WARN_CONSTANT_CONVERSION = YES;
				CLANG_WARN_DIRECT_OBJC_ISA_USAGE = YES_ERROR;
				CLANG_WARN_EMPTY_BODY = YES;
				CLANG_WARN_ENUM_CONVERSION = YES;
				CLANG_WARN_INFINITE_RECURSION = YES;
				CLANG_WARN_INT_CONVERSION = YES;
				CLANG_WARN_NON_LITERAL_NULL_CONVERSION = YES;
				CLANG_WARN_OBJC_LITERAL_CONVERSION = YES;
				CLANG_WARN_OBJC_ROOT_CLASS = YES_ERROR;
				CLANG_WARN_RANGE_LOOP_ANALYSIS = YES;
				CLANG_WARN_STRICT_PROTOTYPES = YES;
				CLANG_WARN_SUSPICIOUS_MOVE = YES;
				CLANG_WARN_UNREACHABLE_CODE = YES;
				CLANG_WARN__DUPLICATE_METHOD_MATCH = YES;
				"CODE_SIGN_IDENTITY[sdk=iphoneos*]" = "iPhone Developer";
				COPY_PHASE_STRIP = NO;
				ENABLE_STRICT_OBJC_MSGSEND = YES;
				ENABLE_TESTABILITY = YES;
				GCC_C_LANGUAGE_STANDARD = gnu99;
				GCC_DYNAMIC_NO_PIC = NO;
				GCC_NO_COMMON_BLOCKS = YES;
				GCC_OPTIMIZATION_LEVEL = 0;
				GCC_PREPROCESSOR_DEFINITIONS = (
					"DEBUG=1",
					"$(inherited)",
				);
				GCC_SYMBOLS_PRIVATE_EXTERN = NO;
				GCC_WARN_64_TO_32_BIT_CONVERSION = YES;
				GCC_WARN_ABOUT_RETURN_TYPE = YES_ERROR;
				GCC_WARN_UNDECLARED_SELECTOR = YES;
				GCC_WARN_UNINITIALIZED_AUTOS = YES;
				GCC_WARN_UNUSED_FUNCTION = YES;
				GCC_WARN_UNUSED_VARIABLE = YES;
				IPHONEOS_DEPLOYMENT_TARGET = 9.0;
				ONLY_ACTIVE_ARCH = YES;
				OTHER_CPLUSPLUSFLAGS = "$(OTHER_CFLAGS)";
				OTHER_LDFLAGS = "-lstdc++";
				SDKROOT = iphoneos;
				VALID_ARCHS = "armv7 armv7s arm64";
			};
			name = Debug;
		};
		6400DE06180C5DE100443362 /* Release */ = {
			isa = XCBuildConfiguration;
			buildSettings = {
				ALWAYS_SEARCH_USER_PATHS = NO;
				CLANG_CXX_LANGUAGE_STANDARD = "gnu++0x";
				CLANG_CXX_LIBRARY = "compiler-default";
				CLANG_ENABLE_MODULES = YES;
				CLANG_ENABLE_OBJC_ARC = YES;
				CLANG_WARN_BLOCK_CAPTURE_AUTORELEASING = YES;
				CLANG_WARN_BOOL_CONVERSION = YES;
				CLANG_WARN_COMMA = YES;
				CLANG_WARN_CONSTANT_CONVERSION = YES;
				CLANG_WARN_DIRECT_OBJC_ISA_USAGE = YES_ERROR;
				CLANG_WARN_EMPTY_BODY = YES;
				CLANG_WARN_ENUM_CONVERSION = YES;
				CLANG_WARN_INFINITE_RECURSION = YES;
				CLANG_WARN_INT_CONVERSION = YES;
				CLANG_WARN_NON_LITERAL_NULL_CONVERSION = YES;
				CLANG_WARN_OBJC_LITERAL_CONVERSION = YES;
				CLANG_WARN_OBJC_ROOT_CLASS = YES_ERROR;
				CLANG_WARN_RANGE_LOOP_ANALYSIS = YES;
				CLANG_WARN_STRICT_PROTOTYPES = YES;
				CLANG_WARN_SUSPICIOUS_MOVE = YES;
				CLANG_WARN_UNREACHABLE_CODE = YES;
				CLANG_WARN__DUPLICATE_METHOD_MATCH = YES;
				"CODE_SIGN_IDENTITY[sdk=iphoneos*]" = "iPhone Developer";
				COPY_PHASE_STRIP = YES;
				ENABLE_NS_ASSERTIONS = NO;
				ENABLE_STRICT_OBJC_MSGSEND = YES;
				GCC_C_LANGUAGE_STANDARD = gnu99;
				GCC_NO_COMMON_BLOCKS = YES;
				GCC_WARN_64_TO_32_BIT_CONVERSION = YES;
				GCC_WARN_ABOUT_RETURN_TYPE = YES_ERROR;
				GCC_WARN_UNDECLARED_SELECTOR = YES;
				GCC_WARN_UNINITIALIZED_AUTOS = YES;
				GCC_WARN_UNUSED_FUNCTION = YES;
				GCC_WARN_UNUSED_VARIABLE = YES;
				IPHONEOS_DEPLOYMENT_TARGET = 9.0;
				OTHER_CPLUSPLUSFLAGS = "$(OTHER_CFLAGS)";
				OTHER_LDFLAGS = "-lstdc++";
				SDKROOT = iphoneos;
				VALIDATE_PRODUCT = YES;
				VALID_ARCHS = "armv7 armv7s arm64";
			};
			name = Release;
		};
		6400DE08180C5DE100443362 /* Debug */ = {
			isa = XCBuildConfiguration;
			buildSettings = {
				ASSETCATALOG_COMPILER_APPICON_NAME = AppIcon;
				FRAMEWORK_SEARCH_PATHS = (
					"$(inherited)",
					"$(PROJECT_TEMP_DIR)/$(CONFIGURATION)$(EFFECTIVE_PLATFORM_NAME)",
				);
				GCC_INSTRUMENT_PROGRAM_FLOW_ARCS = NO;
				GCC_PRECOMPILE_PREFIX_HEADER = YES;
				GCC_PREFIX_HEADER = "";
				INFOPLIST_FILE = "Template Framework Project/Template Framework Project-Info.plist";
				LD_RUNPATH_SEARCH_PATHS = "$(inherited) @executable_path/Frameworks";
				ONLY_ACTIVE_ARCH = YES;
				OTHER_LDFLAGS = (
					"-lstdc++",
					"-ObjC",
					"-lz",
				);
				PRODUCT_BUNDLE_IDENTIFIER = "com.g8production.${PRODUCT_NAME:rfc1034identifier}";
				PRODUCT_NAME = "$(TARGET_NAME)";
				WRAPPER_EXTENSION = app;
			};
			name = Debug;
		};
		6400DE09180C5DE100443362 /* Release */ = {
			isa = XCBuildConfiguration;
			buildSettings = {
				ASSETCATALOG_COMPILER_APPICON_NAME = AppIcon;
				FRAMEWORK_SEARCH_PATHS = (
					"$(inherited)",
					"$(PROJECT_TEMP_DIR)/$(CONFIGURATION)$(EFFECTIVE_PLATFORM_NAME)",
				);
				GCC_INSTRUMENT_PROGRAM_FLOW_ARCS = NO;
				GCC_PRECOMPILE_PREFIX_HEADER = YES;
				GCC_PREFIX_HEADER = "";
				INFOPLIST_FILE = "Template Framework Project/Template Framework Project-Info.plist";
				LD_RUNPATH_SEARCH_PATHS = "$(inherited) @executable_path/Frameworks";
				ONLY_ACTIVE_ARCH = NO;
				OTHER_LDFLAGS = (
					"-lstdc++",
					"-ObjC",
					"-lz",
				);
				PRODUCT_BUNDLE_IDENTIFIER = "com.g8production.${PRODUCT_NAME:rfc1034identifier}";
				PRODUCT_NAME = "$(TARGET_NAME)";
				WRAPPER_EXTENSION = app;
			};
			name = Release;
		};
/* End XCBuildConfiguration section */

/* Begin XCConfigurationList section */
		6400DDD0180C5DE000443362 /* Build configuration list for PBXProject "Example Objc" */ = {
			isa = XCConfigurationList;
			buildConfigurations = (
				6400DE05180C5DE100443362 /* Debug */,
				6400DE06180C5DE100443362 /* Release */,
			);
			defaultConfigurationIsVisible = 0;
			defaultConfigurationName = Release;
		};
		6400DE07180C5DE100443362 /* Build configuration list for PBXNativeTarget "Template Framework Project" */ = {
			isa = XCConfigurationList;
			buildConfigurations = (
				6400DE08180C5DE100443362 /* Debug */,
				6400DE09180C5DE100443362 /* Release */,
			);
			defaultConfigurationIsVisible = 0;
			defaultConfigurationName = Release;
		};
/* End XCConfigurationList section */
	};
	rootObject = 6400DDCD180C5DE000443362 /* Project object */;
}
