// !$*UTF8*$!
{
	archiveVersion = 1;
	classes = {
	};
	objectVersion = 46;
	objects = {

/* Begin PBXBuildFile section */
		41A95DE11A3AD48B0085093C /* RecognitionTests.m in Sources */ = {isa = PBXBuildFile; fileRef = 41A95DE01A3AD48B0085093C /* RecognitionTests.m */; };
		41A95DE71A3AD9610085093C /* image_sample.jpg in Resources */ = {isa = PBXBuildFile; fileRef = 428615B61845F340005D5A2E /* image_sample.jpg */; };
		428615B71845F340005D5A2E /* image_sample.jpg in Resources */ = {isa = PBXBuildFile; fileRef = 428615B61845F340005D5A2E /* image_sample.jpg */; };
		6400DDD9180C5DE000443362 /* Foundation.framework in Frameworks */ = {isa = PBXBuildFile; fileRef = 6400DDD8180C5DE000443362 /* Foundation.framework */; };
		6400DDDB180C5DE000443362 /* CoreGraphics.framework in Frameworks */ = {isa = PBXBuildFile; fileRef = 6400DDDA180C5DE000443362 /* CoreGraphics.framework */; };
		6400DDDD180C5DE000443362 /* UIKit.framework in Frameworks */ = {isa = PBXBuildFile; fileRef = 6400DDDC180C5DE000443362 /* UIKit.framework */; };
		6400DDE3180C5DE000443362 /* InfoPlist.strings in Resources */ = {isa = PBXBuildFile; fileRef = 6400DDE1180C5DE000443362 /* InfoPlist.strings */; };
		6400DDE5180C5DE000443362 /* main.m in Sources */ = {isa = PBXBuildFile; fileRef = 6400DDE4180C5DE000443362 /* main.m */; };
		6400DDE9180C5DE000443362 /* G8AppDelegate.m in Sources */ = {isa = PBXBuildFile; fileRef = 6400DDE8180C5DE000443362 /* G8AppDelegate.m */; };
		6400DDEF180C5DE000443362 /* G8ViewController.m in Sources */ = {isa = PBXBuildFile; fileRef = 6400DDEE180C5DE000443362 /* G8ViewController.m */; };
		6400DDF1180C5DE000443362 /* Images.xcassets in Resources */ = {isa = PBXBuildFile; fileRef = 6400DDF0180C5DE000443362 /* Images.xcassets */; };
		6420626F1846105200EE2AD4 /* TesseractOCR.framework in Frameworks */ = {isa = PBXBuildFile; fileRef = 6420626E1846105200EE2AD4 /* TesseractOCR.framework */; };
		64907490198A5CD500D728CC /* CoreImage.framework in Frameworks */ = {isa = PBXBuildFile; fileRef = 6490748F198A5CD500D728CC /* CoreImage.framework */; };
		64DDA74E188FD7D10025590D /* Main.storyboard in Resources */ = {isa = PBXBuildFile; fileRef = 6400DDEA180C5DE000443362 /* Main.storyboard */; };
		64DDA75B188FD9140025590D /* tessdata in Resources */ = {isa = PBXBuildFile; fileRef = 64DDA75A188FD9140025590D /* tessdata */; };
		64E40AB1180C6D4D00C36DDE /* libstdc++.6.0.9.dylib in Frameworks */ = {isa = PBXBuildFile; fileRef = 64E40AB0180C6D4D00C36DDE /* libstdc++.6.0.9.dylib */; };
		EA196CFD3993F2622E853087 /* libPods-Template Framework Project Tests.a in Frameworks */ = {isa = PBXBuildFile; fileRef = 0163BAF0D72718C9A1E009B3 /* libPods-Template Framework Project Tests.a */; };
/* End PBXBuildFile section */

/* Begin PBXContainerItemProxy section */
		41A95DE21A3AD48B0085093C /* PBXContainerItemProxy */ = {
			isa = PBXContainerItemProxy;
			containerPortal = 6400DDCD180C5DE000443362 /* Project object */;
			proxyType = 1;
			remoteGlobalIDString = 6400DDD4180C5DE000443362;
			remoteInfo = "Template Framework Project";
		};
/* End PBXContainerItemProxy section */

/* Begin PBXFileReference section */
		0163BAF0D72718C9A1E009B3 /* libPods-Template Framework Project Tests.a */ = {isa = PBXFileReference; explicitFileType = archive.ar; includeInIndex = 0; path = "libPods-Template Framework Project Tests.a"; sourceTree = BUILT_PRODUCTS_DIR; };
		0899D5BDAE21755A2E8D2C32 /* Pods-Template Framework Project Tests.debug.xcconfig */ = {isa = PBXFileReference; includeInIndex = 1; lastKnownFileType = text.xcconfig; name = "Pods-Template Framework Project Tests.debug.xcconfig"; path = "../Pods/Target Support Files/Pods-Template Framework Project Tests/Pods-Template Framework Project Tests.debug.xcconfig"; sourceTree = "<group>"; };
		41A95DDC1A3AD48B0085093C /* Template Framework Project Tests.xctest */ = {isa = PBXFileReference; explicitFileType = wrapper.cfbundle; includeInIndex = 0; path = "Template Framework Project Tests.xctest"; sourceTree = BUILT_PRODUCTS_DIR; };
		41A95DDF1A3AD48B0085093C /* Info.plist */ = {isa = PBXFileReference; lastKnownFileType = text.plist.xml; path = Info.plist; sourceTree = "<group>"; };
		41A95DE01A3AD48B0085093C /* RecognitionTests.m */ = {isa = PBXFileReference; lastKnownFileType = sourcecode.c.objc; path = RecognitionTests.m; sourceTree = "<group>"; };
		428615B61845F340005D5A2E /* image_sample.jpg */ = {isa = PBXFileReference; lastKnownFileType = image.jpeg; path = image_sample.jpg; sourceTree = "<group>"; };
		6400DDD5180C5DE000443362 /* Template Framework Project.app */ = {isa = PBXFileReference; explicitFileType = wrapper.application; includeInIndex = 0; path = "Template Framework Project.app"; sourceTree = BUILT_PRODUCTS_DIR; };
		6400DDD8180C5DE000443362 /* Foundation.framework */ = {isa = PBXFileReference; lastKnownFileType = wrapper.framework; name = Foundation.framework; path = System/Library/Frameworks/Foundation.framework; sourceTree = SDKROOT; };
		6400DDDA180C5DE000443362 /* CoreGraphics.framework */ = {isa = PBXFileReference; lastKnownFileType = wrapper.framework; name = CoreGraphics.framework; path = System/Library/Frameworks/CoreGraphics.framework; sourceTree = SDKROOT; };
		6400DDDC180C5DE000443362 /* UIKit.framework */ = {isa = PBXFileReference; lastKnownFileType = wrapper.framework; name = UIKit.framework; path = System/Library/Frameworks/UIKit.framework; sourceTree = SDKROOT; };
		6400DDE0180C5DE000443362 /* Template Framework Project-Info.plist */ = {isa = PBXFileReference; lastKnownFileType = text.plist.xml; path = "Template Framework Project-Info.plist"; sourceTree = "<group>"; };
		6400DDE2180C5DE000443362 /* en */ = {isa = PBXFileReference; lastKnownFileType = text.plist.strings; name = en; path = en.lproj/InfoPlist.strings; sourceTree = "<group>"; };
		6400DDE4180C5DE000443362 /* main.m */ = {isa = PBXFileReference; lastKnownFileType = sourcecode.c.objc; path = main.m; sourceTree = "<group>"; };
		6400DDE6180C5DE000443362 /* Template Framework Project-Prefix.pch */ = {isa = PBXFileReference; lastKnownFileType = sourcecode.c.h; path = "Template Framework Project-Prefix.pch"; sourceTree = "<group>"; };
		6400DDE7180C5DE000443362 /* G8AppDelegate.h */ = {isa = PBXFileReference; lastKnownFileType = sourcecode.c.h; path = G8AppDelegate.h; sourceTree = "<group>"; };
		6400DDE8180C5DE000443362 /* G8AppDelegate.m */ = {isa = PBXFileReference; lastKnownFileType = sourcecode.c.objc; path = G8AppDelegate.m; sourceTree = "<group>"; };
		6400DDEB180C5DE000443362 /* Base */ = {isa = PBXFileReference; lastKnownFileType = file.storyboard; name = Base; path = Base.lproj/Main.storyboard; sourceTree = "<group>"; };
		6400DDED180C5DE000443362 /* G8ViewController.h */ = {isa = PBXFileReference; lastKnownFileType = sourcecode.c.h; path = G8ViewController.h; sourceTree = "<group>"; };
		6400DDEE180C5DE000443362 /* G8ViewController.m */ = {isa = PBXFileReference; lastKnownFileType = sourcecode.c.objc; path = G8ViewController.m; sourceTree = "<group>"; };
		6400DDF0180C5DE000443362 /* Images.xcassets */ = {isa = PBXFileReference; lastKnownFileType = folder.assetcatalog; path = Images.xcassets; sourceTree = "<group>"; };
		6400DDF7180C5DE000443362 /* XCTest.framework */ = {isa = PBXFileReference; lastKnownFileType = wrapper.framework; name = XCTest.framework; path = Library/Frameworks/XCTest.framework; sourceTree = DEVELOPER_DIR; };
		6420626E1846105200EE2AD4 /* TesseractOCR.framework */ = {isa = PBXFileReference; lastKnownFileType = wrapper.framework; name = TesseractOCR.framework; path = ../Products/TesseractOCR.framework; sourceTree = "<group>"; };
		6490748F198A5CD500D728CC /* CoreImage.framework */ = {isa = PBXFileReference; lastKnownFileType = wrapper.framework; name = CoreImage.framework; path = System/Library/Frameworks/CoreImage.framework; sourceTree = SDKROOT; };
		64DDA75A188FD9140025590D /* tessdata */ = {isa = PBXFileReference; lastKnownFileType = folder; path = tessdata; sourceTree = "<group>"; };
		64E40AB0180C6D4D00C36DDE /* libstdc++.6.0.9.dylib */ = {isa = PBXFileReference; lastKnownFileType = "compiled.mach-o.dylib"; name = "libstdc++.6.0.9.dylib"; path = "usr/lib/libstdc++.6.0.9.dylib"; sourceTree = SDKROOT; };
		736A667251034EA731E0ED62 /* Pods-Template Framework Project Tests.release.xcconfig */ = {isa = PBXFileReference; includeInIndex = 1; lastKnownFileType = text.xcconfig; name = "Pods-Template Framework Project Tests.release.xcconfig"; path = "../Pods/Target Support Files/Pods-Template Framework Project Tests/Pods-Template Framework Project Tests.release.xcconfig"; sourceTree = "<group>"; };
/* End PBXFileReference section */

/* Begin PBXFrameworksBuildPhase section */
		41A95DD91A3AD48B0085093C /* Frameworks */ = {
			isa = PBXFrameworksBuildPhase;
			buildActionMask = 2147483647;
			files = (
				EA196CFD3993F2622E853087 /* libPods-Template Framework Project Tests.a in Frameworks */,
			);
			runOnlyForDeploymentPostprocessing = 0;
		};
		6400DDD2180C5DE000443362 /* Frameworks */ = {
			isa = PBXFrameworksBuildPhase;
			buildActionMask = 2147483647;
			files = (
				64907490198A5CD500D728CC /* CoreImage.framework in Frameworks */,
				6420626F1846105200EE2AD4 /* TesseractOCR.framework in Frameworks */,
				64E40AB1180C6D4D00C36DDE /* libstdc++.6.0.9.dylib in Frameworks */,
				6400DDDB180C5DE000443362 /* CoreGraphics.framework in Frameworks */,
				6400DDDD180C5DE000443362 /* UIKit.framework in Frameworks */,
				6400DDD9180C5DE000443362 /* Foundation.framework in Frameworks */,
			);
			runOnlyForDeploymentPostprocessing = 0;
		};
/* End PBXFrameworksBuildPhase section */

/* Begin PBXGroup section */
		10E803FA59C316DF37BEA12E /* Pods */ = {
			isa = PBXGroup;
			children = (
				0899D5BDAE21755A2E8D2C32 /* Pods-Template Framework Project Tests.debug.xcconfig */,
				736A667251034EA731E0ED62 /* Pods-Template Framework Project Tests.release.xcconfig */,
			);
			name = Pods;
			sourceTree = "<group>";
		};
		41A95DDD1A3AD48B0085093C /* Template Framework Project Tests */ = {
			isa = PBXGroup;
			children = (
				41A95DE01A3AD48B0085093C /* RecognitionTests.m */,
				41A95DDE1A3AD48B0085093C /* Supporting Files */,
			);
			path = "Template Framework Project Tests";
			sourceTree = "<group>";
		};
		41A95DDE1A3AD48B0085093C /* Supporting Files */ = {
			isa = PBXGroup;
			children = (
				41A95DDF1A3AD48B0085093C /* Info.plist */,
			);
			name = "Supporting Files";
			sourceTree = "<group>";
		};
		6400DDCC180C5DE000443362 = {
			isa = PBXGroup;
			children = (
				6400DDDE180C5DE000443362 /* Template Framework Project */,
				41A95DDD1A3AD48B0085093C /* Template Framework Project Tests */,
				6400DDD7180C5DE000443362 /* Frameworks */,
				6400DDD6180C5DE000443362 /* Products */,
				10E803FA59C316DF37BEA12E /* Pods */,
			);
			sourceTree = "<group>";
		};
		6400DDD6180C5DE000443362 /* Products */ = {
			isa = PBXGroup;
			children = (
				6400DDD5180C5DE000443362 /* Template Framework Project.app */,
				41A95DDC1A3AD48B0085093C /* Template Framework Project Tests.xctest */,
			);
			name = Products;
			sourceTree = "<group>";
		};
		6400DDD7180C5DE000443362 /* Frameworks */ = {
			isa = PBXGroup;
			children = (
				6490748F198A5CD500D728CC /* CoreImage.framework */,
				64E40AB0180C6D4D00C36DDE /* libstdc++.6.0.9.dylib */,
				6420626E1846105200EE2AD4 /* TesseractOCR.framework */,
				6400DDD8180C5DE000443362 /* Foundation.framework */,
				6400DDDA180C5DE000443362 /* CoreGraphics.framework */,
				6400DDDC180C5DE000443362 /* UIKit.framework */,
				6400DDF7180C5DE000443362 /* XCTest.framework */,
				0163BAF0D72718C9A1E009B3 /* libPods-Template Framework Project Tests.a */,
			);
			name = Frameworks;
			sourceTree = "<group>";
		};
		6400DDDE180C5DE000443362 /* Template Framework Project */ = {
			isa = PBXGroup;
			children = (
				64DDA75A188FD9140025590D /* tessdata */,
				6400DDE7180C5DE000443362 /* G8AppDelegate.h */,
				6400DDE8180C5DE000443362 /* G8AppDelegate.m */,
				6400DDEA180C5DE000443362 /* Main.storyboard */,
				6400DDED180C5DE000443362 /* G8ViewController.h */,
				6400DDEE180C5DE000443362 /* G8ViewController.m */,
				6400DDF0180C5DE000443362 /* Images.xcassets */,
				6400DDDF180C5DE000443362 /* Supporting Files */,
			);
			path = "Template Framework Project";
			sourceTree = "<group>";
		};
		6400DDDF180C5DE000443362 /* Supporting Files */ = {
			isa = PBXGroup;
			children = (
				428615B61845F340005D5A2E /* image_sample.jpg */,
				6400DDE0180C5DE000443362 /* Template Framework Project-Info.plist */,
				6400DDE1180C5DE000443362 /* InfoPlist.strings */,
				6400DDE4180C5DE000443362 /* main.m */,
				6400DDE6180C5DE000443362 /* Template Framework Project-Prefix.pch */,
			);
			name = "Supporting Files";
			sourceTree = "<group>";
		};
/* End PBXGroup section */

/* Begin PBXNativeTarget section */
		41A95DDB1A3AD48B0085093C /* Template Framework Project Tests */ = {
			isa = PBXNativeTarget;
			buildConfigurationList = 41A95DE61A3AD48B0085093C /* Build configuration list for PBXNativeTarget "Template Framework Project Tests" */;
			buildPhases = (
				798DD21AA03FD53706D384B1 /* Check Pods Manifest.lock */,
				41A95DD81A3AD48B0085093C /* Sources */,
				41A95DD91A3AD48B0085093C /* Frameworks */,
				41A95DDA1A3AD48B0085093C /* Resources */,
				A36E5A9F4C8281864B0CE4E3 /* Copy Pods Resources */,
			);
			buildRules = (
			);
			dependencies = (
				41A95DE31A3AD48B0085093C /* PBXTargetDependency */,
			);
			name = "Template Framework Project Tests";
			productName = "Template Framework Project Tests";
			productReference = 41A95DDC1A3AD48B0085093C /* Template Framework Project Tests.xctest */;
			productType = "com.apple.product-type.bundle.unit-test";
		};
		6400DDD4180C5DE000443362 /* Template Framework Project */ = {
			isa = PBXNativeTarget;
			buildConfigurationList = 6400DE07180C5DE100443362 /* Build configuration list for PBXNativeTarget "Template Framework Project" */;
			buildPhases = (
				6400DDD1180C5DE000443362 /* Sources */,
				6400DDD2180C5DE000443362 /* Frameworks */,
				6400DDD3180C5DE000443362 /* Resources */,
			);
			buildRules = (
			);
			dependencies = (
			);
			name = "Template Framework Project";
			productName = "Template Framework Project";
			productReference = 6400DDD5180C5DE000443362 /* Template Framework Project.app */;
			productType = "com.apple.product-type.application";
		};
/* End PBXNativeTarget section */

/* Begin PBXProject section */
		6400DDCD180C5DE000443362 /* Project object */ = {
			isa = PBXProject;
			attributes = {
				CLASSPREFIX = G8;
				LastUpgradeCheck = 0510;
				ORGANIZATIONNAME = "Daniele Galiotto - www.g8production.com";
				TargetAttributes = {
					41A95DDB1A3AD48B0085093C = {
						CreatedOnToolsVersion = 6.1;
						TestTargetID = 6400DDD4180C5DE000443362;
					};
				};
			};
			buildConfigurationList = 6400DDD0180C5DE000443362 /* Build configuration list for PBXProject "Template Framework Project" */;
			compatibilityVersion = "Xcode 3.2";
			developmentRegion = English;
			hasScannedForEncodings = 0;
			knownRegions = (
				en,
				Base,
			);
			mainGroup = 6400DDCC180C5DE000443362;
			productRefGroup = 6400DDD6180C5DE000443362 /* Products */;
			projectDirPath = "";
			projectRoot = "";
			targets = (
				6400DDD4180C5DE000443362 /* Template Framework Project */,
				41A95DDB1A3AD48B0085093C /* Template Framework Project Tests */,
			);
		};
/* End PBXProject section */

/* Begin PBXResourcesBuildPhase section */
		41A95DDA1A3AD48B0085093C /* Resources */ = {
			isa = PBXResourcesBuildPhase;
			buildActionMask = 2147483647;
			files = (
				41A95DE71A3AD9610085093C /* image_sample.jpg in Resources */,
			);
			runOnlyForDeploymentPostprocessing = 0;
		};
		6400DDD3180C5DE000443362 /* Resources */ = {
			isa = PBXResourcesBuildPhase;
			buildActionMask = 2147483647;
			files = (
				6400DDF1180C5DE000443362 /* Images.xcassets in Resources */,
				428615B71845F340005D5A2E /* image_sample.jpg in Resources */,
				64DDA75B188FD9140025590D /* tessdata in Resources */,
				6400DDE3180C5DE000443362 /* InfoPlist.strings in Resources */,
				64DDA74E188FD7D10025590D /* Main.storyboard in Resources */,
			);
			runOnlyForDeploymentPostprocessing = 0;
		};
/* End PBXResourcesBuildPhase section */

/* Begin PBXShellScriptBuildPhase section */
		798DD21AA03FD53706D384B1 /* Check Pods Manifest.lock */ = {
			isa = PBXShellScriptBuildPhase;
			buildActionMask = 2147483647;
			files = (
			);
			inputPaths = (
			);
			name = "Check Pods Manifest.lock";
			outputPaths = (
			);
			runOnlyForDeploymentPostprocessing = 0;
			shellPath = /bin/sh;
			shellScript = "diff \"${PODS_ROOT}/../Podfile.lock\" \"${PODS_ROOT}/Manifest.lock\" > /dev/null\nif [[ $? != 0 ]] ; then\n    cat << EOM\nerror: The sandbox is not in sync with the Podfile.lock. Run 'pod install' or update your CocoaPods installation.\nEOM\n    exit 1\nfi\n";
			showEnvVarsInLog = 0;
		};
		A36E5A9F4C8281864B0CE4E3 /* Copy Pods Resources */ = {
			isa = PBXShellScriptBuildPhase;
			buildActionMask = 2147483647;
			files = (
			);
			inputPaths = (
			);
			name = "Copy Pods Resources";
			outputPaths = (
			);
			runOnlyForDeploymentPostprocessing = 0;
			shellPath = /bin/sh;
			shellScript = "\"${SRCROOT}/../Pods/Target Support Files/Pods-Template Framework Project Tests/Pods-Template Framework Project Tests-resources.sh\"\n";
			showEnvVarsInLog = 0;
		};
/* End PBXShellScriptBuildPhase section */

/* Begin PBXSourcesBuildPhase section */
		41A95DD81A3AD48B0085093C /* Sources */ = {
			isa = PBXSourcesBuildPhase;
			buildActionMask = 2147483647;
			files = (
				41A95DE11A3AD48B0085093C /* RecognitionTests.m in Sources */,
			);
			runOnlyForDeploymentPostprocessing = 0;
		};
		6400DDD1180C5DE000443362 /* Sources */ = {
			isa = PBXSourcesBuildPhase;
			buildActionMask = 2147483647;
			files = (
				6400DDE5180C5DE000443362 /* main.m in Sources */,
				6400DDE9180C5DE000443362 /* G8AppDelegate.m in Sources */,
				6400DDEF180C5DE000443362 /* G8ViewController.m in Sources */,
			);
			runOnlyForDeploymentPostprocessing = 0;
		};
/* End PBXSourcesBuildPhase section */

/* Begin PBXTargetDependency section */
		41A95DE31A3AD48B0085093C /* PBXTargetDependency */ = {
			isa = PBXTargetDependency;
			target = 6400DDD4180C5DE000443362 /* Template Framework Project */;
			targetProxy = 41A95DE21A3AD48B0085093C /* PBXContainerItemProxy */;
		};
/* End PBXTargetDependency section */

/* Begin PBXVariantGroup section */
		6400DDE1180C5DE000443362 /* InfoPlist.strings */ = {
			isa = PBXVariantGroup;
			children = (
				6400DDE2180C5DE000443362 /* en */,
			);
			name = InfoPlist.strings;
			sourceTree = "<group>";
		};
		6400DDEA180C5DE000443362 /* Main.storyboard */ = {
			isa = PBXVariantGroup;
			children = (
				6400DDEB180C5DE000443362 /* Base */,
			);
			name = Main.storyboard;
			sourceTree = "<group>";
		};
/* End PBXVariantGroup section */

/* Begin XCBuildConfiguration section */
		41A95DE41A3AD48B0085093C /* Debug */ = {
			isa = XCBuildConfiguration;
			baseConfigurationReference = 0899D5BDAE21755A2E8D2C32 /* Pods-Template Framework Project Tests.debug.xcconfig */;
			buildSettings = {
				BUNDLE_LOADER = "$(TEST_HOST)";
				CLANG_CXX_LIBRARY = "libc++";
				CLANG_WARN_UNREACHABLE_CODE = YES;
				ENABLE_STRICT_OBJC_MSGSEND = YES;
				FRAMEWORK_SEARCH_PATHS = (
					"$(SDKROOT)/Developer/Library/Frameworks",
					"$(inherited)",
				);
				GCC_PREPROCESSOR_DEFINITIONS = (
					"DEBUG=1",
					"$(inherited)",
				);
				GCC_WARN_UNINITIALIZED_AUTOS = YES_AGGRESSIVE;
				INFOPLIST_FILE = "Template Framework Project Tests/Info.plist";
				IPHONEOS_DEPLOYMENT_TARGET = 8.1;
				LD_RUNPATH_SEARCH_PATHS = "$(inherited) @executable_path/Frameworks @loader_path/Frameworks";
				MTL_ENABLE_DEBUG_INFO = YES;
				PRODUCT_NAME = "$(TARGET_NAME)";
				TEST_HOST = "$(BUILT_PRODUCTS_DIR)/Template Framework Project.app/Template Framework Project";
			};
			name = Debug;
		};
		41A95DE51A3AD48B0085093C /* Release */ = {
			isa = XCBuildConfiguration;
			baseConfigurationReference = 736A667251034EA731E0ED62 /* Pods-Template Framework Project Tests.release.xcconfig */;
			buildSettings = {
				BUNDLE_LOADER = "$(TEST_HOST)";
				CLANG_CXX_LIBRARY = "libc++";
				CLANG_WARN_UNREACHABLE_CODE = YES;
				ENABLE_STRICT_OBJC_MSGSEND = YES;
				FRAMEWORK_SEARCH_PATHS = (
					"$(SDKROOT)/Developer/Library/Frameworks",
					"$(inherited)",
				);
				GCC_WARN_UNINITIALIZED_AUTOS = YES_AGGRESSIVE;
				INFOPLIST_FILE = "Template Framework Project Tests/Info.plist";
				IPHONEOS_DEPLOYMENT_TARGET = 8.1;
				LD_RUNPATH_SEARCH_PATHS = "$(inherited) @executable_path/Frameworks @loader_path/Frameworks";
				MTL_ENABLE_DEBUG_INFO = NO;
				PRODUCT_NAME = "$(TARGET_NAME)";
				TEST_HOST = "$(BUILT_PRODUCTS_DIR)/Template Framework Project.app/Template Framework Project";
			};
			name = Release;
		};
		6400DE05180C5DE100443362 /* Debug */ = {
			isa = XCBuildConfiguration;
			buildSettings = {
				ALWAYS_SEARCH_USER_PATHS = NO;
				CLANG_CXX_LANGUAGE_STANDARD = "gnu++0x";
				CLANG_CXX_LIBRARY = "compiler-default";
				CLANG_ENABLE_MODULES = YES;
				CLANG_ENABLE_OBJC_ARC = YES;
				CLANG_WARN_BOOL_CONVERSION = YES;
				CLANG_WARN_CONSTANT_CONVERSION = YES;
				CLANG_WARN_DIRECT_OBJC_ISA_USAGE = YES_ERROR;
				CLANG_WARN_EMPTY_BODY = YES;
				CLANG_WARN_ENUM_CONVERSION = YES;
				CLANG_WARN_INT_CONVERSION = YES;
				CLANG_WARN_OBJC_ROOT_CLASS = YES_ERROR;
				CLANG_WARN__DUPLICATE_METHOD_MATCH = YES;
				"CODE_SIGN_IDENTITY[sdk=iphoneos*]" = "iPhone Developer";
				COPY_PHASE_STRIP = NO;
				GCC_C_LANGUAGE_STANDARD = gnu99;
				GCC_DYNAMIC_NO_PIC = NO;
				GCC_OPTIMIZATION_LEVEL = 0;
				GCC_PREPROCESSOR_DEFINITIONS = (
					"DEBUG=1",
					"$(inherited)",
				);
				GCC_SYMBOLS_PRIVATE_EXTERN = NO;
				GCC_WARN_64_TO_32_BIT_CONVERSION = YES;
				GCC_WARN_ABOUT_RETURN_TYPE = YES_ERROR;
				GCC_WARN_UNDECLARED_SELECTOR = YES;
				GCC_WARN_UNINITIALIZED_AUTOS = YES;
				GCC_WARN_UNUSED_FUNCTION = YES;
				GCC_WARN_UNUSED_VARIABLE = YES;
				IPHONEOS_DEPLOYMENT_TARGET = 7.0;
				ONLY_ACTIVE_ARCH = YES;
				OTHER_CPLUSPLUSFLAGS = "$(OTHER_CFLAGS)";
				OTHER_LDFLAGS = "-lstdc++";
				SDKROOT = iphoneos;
				VALID_ARCHS = "armv7 armv7s arm64";
			};
			name = Debug;
		};
		6400DE06180C5DE100443362 /* Release */ = {
			isa = XCBuildConfiguration;
			buildSettings = {
				ALWAYS_SEARCH_USER_PATHS = NO;
				CLANG_CXX_LANGUAGE_STANDARD = "gnu++0x";
				CLANG_CXX_LIBRARY = "compiler-default";
				CLANG_ENABLE_MODULES = YES;
				CLANG_ENABLE_OBJC_ARC = YES;
				CLANG_WARN_BOOL_CONVERSION = YES;
				CLANG_WARN_CONSTANT_CONVERSION = YES;
				CLANG_WARN_DIRECT_OBJC_ISA_USAGE = YES_ERROR;
				CLANG_WARN_EMPTY_BODY = YES;
				CLANG_WARN_ENUM_CONVERSION = YES;
				CLANG_WARN_INT_CONVERSION = YES;
				CLANG_WARN_OBJC_ROOT_CLASS = YES_ERROR;
				CLANG_WARN__DUPLICATE_METHOD_MATCH = YES;
				"CODE_SIGN_IDENTITY[sdk=iphoneos*]" = "iPhone Developer";
				COPY_PHASE_STRIP = YES;
				ENABLE_NS_ASSERTIONS = NO;
				GCC_C_LANGUAGE_STANDARD = gnu99;
				GCC_WARN_64_TO_32_BIT_CONVERSION = YES;
				GCC_WARN_ABOUT_RETURN_TYPE = YES_ERROR;
				GCC_WARN_UNDECLARED_SELECTOR = YES;
				GCC_WARN_UNINITIALIZED_AUTOS = YES;
				GCC_WARN_UNUSED_FUNCTION = YES;
				GCC_WARN_UNUSED_VARIABLE = YES;
				IPHONEOS_DEPLOYMENT_TARGET = 7.0;
				OTHER_CPLUSPLUSFLAGS = "$(OTHER_CFLAGS)";
				OTHER_LDFLAGS = "-lstdc++";
				SDKROOT = iphoneos;
				VALIDATE_PRODUCT = YES;
				VALID_ARCHS = "armv7 armv7s arm64";
			};
			name = Release;
		};
		6400DE08180C5DE100443362 /* Debug */ = {
			isa = XCBuildConfiguration;
			buildSettings = {
				ASSETCATALOG_COMPILER_APPICON_NAME = AppIcon;
				ASSETCATALOG_COMPILER_LAUNCHIMAGE_NAME = LaunchImage;
				FRAMEWORK_SEARCH_PATHS = (
					"$(inherited)",
					"$(SRCROOT)/../Products",
					"$(SRCROOT)",
				);
				GCC_PRECOMPILE_PREFIX_HEADER = YES;
				GCC_PREFIX_HEADER = "Template Framework Project/Template Framework Project-Prefix.pch";
				INFOPLIST_FILE = "Template Framework Project/Template Framework Project-Info.plist";
				ONLY_ACTIVE_ARCH = YES;
				PRODUCT_NAME = "$(TARGET_NAME)";
				WRAPPER_EXTENSION = app;
			};
			name = Debug;
		};
		6400DE09180C5DE100443362 /* Release */ = {
			isa = XCBuildConfiguration;
			buildSettings = {
				ASSETCATALOG_COMPILER_APPICON_NAME = AppIcon;
				ASSETCATALOG_COMPILER_LAUNCHIMAGE_NAME = LaunchImage;
				FRAMEWORK_SEARCH_PATHS = (
					"$(inherited)",
					"$(SRCROOT)/../Products",
					"$(SRCROOT)",
				);
				GCC_PRECOMPILE_PREFIX_HEADER = YES;
				GCC_PREFIX_HEADER = "Template Framework Project/Template Framework Project-Prefix.pch";
				INFOPLIST_FILE = "Template Framework Project/Template Framework Project-Info.plist";
				ONLY_ACTIVE_ARCH = NO;
				PRODUCT_NAME = "$(TARGET_NAME)";
				WRAPPER_EXTENSION = app;
			};
			name = Release;
		};
/* End XCBuildConfiguration section */

/* Begin XCConfigurationList section */
		41A95DE61A3AD48B0085093C /* Build configuration list for PBXNativeTarget "Template Framework Project Tests" */ = {
			isa = XCConfigurationList;
			buildConfigurations = (
				41A95DE41A3AD48B0085093C /* Debug */,
				41A95DE51A3AD48B0085093C /* Release */,
			);
			defaultConfigurationIsVisible = 0;
			defaultConfigurationName = Release;
		};
		6400DDD0180C5DE000443362 /* Build configuration list for PBXProject "Template Framework Project" */ = {
			isa = XCConfigurationList;
			buildConfigurations = (
				6400DE05180C5DE100443362 /* Debug */,
				6400DE06180C5DE100443362 /* Release */,
			);
			defaultConfigurationIsVisible = 0;
			defaultConfigurationName = Release;
		};
		6400DE07180C5DE100443362 /* Build configuration list for PBXNativeTarget "Template Framework Project" */ = {
			isa = XCConfigurationList;
			buildConfigurations = (
				6400DE08180C5DE100443362 /* Debug */,
				6400DE09180C5DE100443362 /* Release */,
			);
			defaultConfigurationIsVisible = 0;
			defaultConfigurationName = Release;
		};
/* End XCConfigurationList section */
	};
	rootObject = 6400DDCD180C5DE000443362 /* Project object */;
}
