// !$*UTF8*$!
{
	archiveVersion = 1;
	classes = {
	};
	objectVersion = 48;
	objects = {

/* Begin PBXBuildFile section */
		330F77D2206E63DB00C7322C /* tessdata-rus in Resources */ = {isa = PBXBuildFile; fileRef = 330F77D1206E63DB00C7322C /* tessdata-rus */; };
		330F77D4206E63ED00C7322C /* tessdata in Resources */ = {isa = PBXBuildFile; fileRef = 330F77D3206E63ED00C7322C /* tessdata */; };
		330F77D7206E714F00C7322C /* TesseractOCRmacOS.framework in Frameworks */ = {isa = PBXBuildFile; fileRef = 330F77D6206E714F00C7322C /* TesseractOCRmacOS.framework */; };
		330F77D9206E715A00C7322C /* CoreGraphics.framework in Frameworks */ = {isa = PBXBuildFile; fileRef = 330F77D8206E715A00C7322C /* CoreGraphics.framework */; };
		330F77DB206E716000C7322C /* Foundation.framework in Frameworks */ = {isa = PBXBuildFile; fileRef = 330F77DA206E716000C7322C /* Foundation.framework */; };
		330F77DD206E716600C7322C /* AppKit.framework in Frameworks */ = {isa = PBXBuildFile; fileRef = 330F77DC206E716600C7322C /* AppKit.framework */; };
		330F77E0206E72AC00C7322C /* TesseractOCRmacOS.framework in Frameworks */ = {isa = PBXBuildFile; fileRef = 330F77D6206E714F00C7322C /* TesseractOCRmacOS.framework */; };
		33695F75206C36BF004690B5 /* AppDelegate.m in Sources */ = {isa = PBXBuildFile; fileRef = 33695F74206C36BF004690B5 /* AppDelegate.m */; };
		33695F78206C36BF004690B5 /* ViewController.m in Sources */ = {isa = PBXBuildFile; fileRef = 33695F77206C36BF004690B5 /* ViewController.m */; };
		33695F7A206C36BF004690B5 /* Assets.xcassets in Resources */ = {isa = PBXBuildFile; fileRef = 33695F79206C36BF004690B5 /* Assets.xcassets */; };
		33695F7D206C36BF004690B5 /* Main.storyboard in Resources */ = {isa = PBXBuildFile; fileRef = 33695F7B206C36BF004690B5 /* Main.storyboard */; };
		33695F80206C36BF004690B5 /* main.m in Sources */ = {isa = PBXBuildFile; fileRef = 33695F7F206C36BF004690B5 /* main.m */; };
		33695FAE206C379B004690B5 /* image_sample_right.jpg in Resources */ = {isa = PBXBuildFile; fileRef = 33695F97206C3799004690B5 /* image_sample_right.jpg */; };
		33695FAF206C379B004690B5 /* empty.pdf in Resources */ = {isa = PBXBuildFile; fileRef = 33695F98206C3799004690B5 /* empty.pdf */; };
		33695FB0206C379B004690B5 /* image_sample_up_mirrored.jpg in Resources */ = {isa = PBXBuildFile; fileRef = 33695F99206C3799004690B5 /* image_sample_up_mirrored.jpg */; };
		33695FB1206C379B004690B5 /* image_sample.jpg in Resources */ = {isa = PBXBuildFile; fileRef = 33695F9A206C3799004690B5 /* image_sample.jpg */; };
		33695FB2206C379B004690B5 /* well_scaned_page_right.png in Resources */ = {isa = PBXBuildFile; fileRef = 33695F9B206C3799004690B5 /* well_scaned_page_right.png */; };
		33695FB3206C379B004690B5 /* well_scaned_page.hOCR in Resources */ = {isa = PBXBuildFile; fileRef = 33695F9C206C3799004690B5 /* well_scaned_page.hOCR */; };
		33695FB4206C379B004690B5 /* image_sample.hOCR in Resources */ = {isa = PBXBuildFile; fileRef = 33695F9D206C3799004690B5 /* image_sample.hOCR */; };
		33695FB5206C379B004690B5 /* well_scaned_page_left_mirrored.png in Resources */ = {isa = PBXBuildFile; fileRef = 33695F9E206C3799004690B5 /* well_scaned_page_left_mirrored.png */; };
		33695FB6206C379B004690B5 /* well_scaned_page_down.png in Resources */ = {isa = PBXBuildFile; fileRef = 33695F9F206C3799004690B5 /* well_scaned_page_down.png */; };
		33695FB7206C379B004690B5 /* image_sample_down_mirrored.jpg in Resources */ = {isa = PBXBuildFile; fileRef = 33695FA0206C3799004690B5 /* image_sample_down_mirrored.jpg */; };
		33695FB8206C379B004690B5 /* image_sample_tr.png in Resources */ = {isa = PBXBuildFile; fileRef = 33695FA1206C379A004690B5 /* image_sample_tr.png */; };
		33695FB9206C379B004690B5 /* image_sample_bl.png in Resources */ = {isa = PBXBuildFile; fileRef = 33695FA2206C379A004690B5 /* image_sample_bl.png */; };
		33695FBA206C379B004690B5 /* image_sample_left.jpg in Resources */ = {isa = PBXBuildFile; fileRef = 33695FA3206C379A004690B5 /* image_sample_left.jpg */; };
		33695FBB206C379B004690B5 /* image_sample_left_mirrored.jpg in Resources */ = {isa = PBXBuildFile; fileRef = 33695FA4206C379A004690B5 /* image_sample_left_mirrored.jpg */; };
		33695FBC206C379B004690B5 /* well_scaned_page_down_mirrored.png in Resources */ = {isa = PBXBuildFile; fileRef = 33695FA5206C379A004690B5 /* well_scaned_page_down_mirrored.png */; };
		33695FBD206C379B004690B5 /* well_scaned_page_left.png in Resources */ = {isa = PBXBuildFile; fileRef = 33695FA6206C379A004690B5 /* well_scaned_page_left.png */; };
		33695FBE206C379B004690B5 /* well_scaned_page_up_mirrored.png in Resources */ = {isa = PBXBuildFile; fileRef = 33695FA7206C379A004690B5 /* well_scaned_page_up_mirrored.png */; };
		33695FBF206C379B004690B5 /* image_blank.png in Resources */ = {isa = PBXBuildFile; fileRef = 33695FA8206C379A004690B5 /* image_blank.png */; };
		33695FC0206C379B004690B5 /* image_sample_right_mirrored.jpg in Resources */ = {isa = PBXBuildFile; fileRef = 33695FA9206C379A004690B5 /* image_sample_right_mirrored.jpg */; };
		33695FC1206C379B004690B5 /* well_scaned_page_right_mirrored.png in Resources */ = {isa = PBXBuildFile; fileRef = 33695FAA206C379B004690B5 /* well_scaned_page_right_mirrored.png */; };
		33695FC2206C379B004690B5 /* well_scaned_page.png in Resources */ = {isa = PBXBuildFile; fileRef = 33695FAB206C379B004690B5 /* well_scaned_page.png */; };
		33695FC3206C379B004690B5 /* image_sample_down.jpg in Resources */ = {isa = PBXBuildFile; fileRef = 33695FAC206C379B004690B5 /* image_sample_down.jpg */; };
		33695FC4206C379B004690B5 /* well_scaned_page.pdf in Resources */ = {isa = PBXBuildFile; fileRef = 33695FAD206C379B004690B5 /* well_scaned_page.pdf */; };
		33695FD0206C37C6004690B5 /* RecognizedBlock.m in Sources */ = {isa = PBXBuildFile; fileRef = 33695FC5206C37C4004690B5 /* RecognizedBlock.m */; };
		33695FD1206C37C6004690B5 /* NSData+G8Equal.m in Sources */ = {isa = PBXBuildFile; fileRef = 33695FC7206C37C5004690B5 /* NSData+G8Equal.m */; };
		33695FD2206C37C6004690B5 /* RecognitionTests.m in Sources */ = {isa = PBXBuildFile; fileRef = 33695FC8206C37C5004690B5 /* RecognitionTests.m */; };
		33695FD3206C37C6004690B5 /* InitializationTests.m in Sources */ = {isa = PBXBuildFile; fileRef = 33695FC9206C37C5004690B5 /* InitializationTests.m */; };
		33695FD4206C37C6004690B5 /* G8RecognitionTestsHelper.m in Sources */ = {isa = PBXBuildFile; fileRef = 33695FCA206C37C5004690B5 /* G8RecognitionTestsHelper.m */; };
		33695FD5206C37C6004690B5 /* NSImage+G8Equal.m in Sources */ = {isa = PBXBuildFile; fileRef = 33695FCE206C37C5004690B5 /* NSImage+G8Equal.m */; };
		33695FD6206C37C6004690B5 /* Defaults.m in Sources */ = {isa = PBXBuildFile; fileRef = 33695FCF206C37C5004690B5 /* Defaults.m */; };
		33E94EA7207D463B0005399D /* well_scanned_page.png in Resources */ = {isa = PBXBuildFile; fileRef = 33E94EA6207D463B0005399D /* well_scanned_page.png */; };
		33E94EAD20801B500005399D /* image_sample_bl_mac.png in Resources */ = {isa = PBXBuildFile; fileRef = 33E94EAC20801B500005399D /* image_sample_bl_mac.png */; };
		8805C55586FAB61FDD33D134 /* libPods-TestsProjectmacOSTests.a in Frameworks */ = {isa = PBXBuildFile; fileRef = B1BF8EFF3AE6E7B74BBCAF03 /* libPods-TestsProjectmacOSTests.a */; };
/* End PBXBuildFile section */

/* Begin PBXContainerItemProxy section */
		33695F87206C36BF004690B5 /* PBXContainerItemProxy */ = {
			isa = PBXContainerItemProxy;
			containerPortal = 33695F68206C36BE004690B5 /* Project object */;
			proxyType = 1;
			remoteGlobalIDString = 33695F6F206C36BF004690B5;
			remoteInfo = TestsProjectmacOS;
		};
/* End PBXContainerItemProxy section */

/* Begin PBXFileReference section */
		2A5D3BCD6B8538A5ACFDD037 /* Pods-TestsProjectmacOSTests.release.xcconfig */ = {isa = PBXFileReference; includeInIndex = 1; lastKnownFileType = text.xcconfig; name = "Pods-TestsProjectmacOSTests.release.xcconfig"; path = "../Pods/Target Support Files/Pods-TestsProjectmacOSTests/Pods-TestsProjectmacOSTests.release.xcconfig"; sourceTree = "<group>"; };
		330F77D1206E63DB00C7322C /* tessdata-rus */ = {isa = PBXFileReference; lastKnownFileType = folder; name = "tessdata-rus"; path = "TestsProjectmacOSTests/tessdata-rus"; sourceTree = SOURCE_ROOT; };
		330F77D3206E63ED00C7322C /* tessdata */ = {isa = PBXFileReference; lastKnownFileType = folder; name = tessdata; path = TestsProjectmacOSTests/tessdata; sourceTree = SOURCE_ROOT; };
		330F77D6206E714F00C7322C /* TesseractOCRmacOS.framework */ = {isa = PBXFileReference; explicitFileType = wrapper.framework; path = TesseractOCRmacOS.framework; sourceTree = BUILT_PRODUCTS_DIR; };
		330F77D8206E715A00C7322C /* CoreGraphics.framework */ = {isa = PBXFileReference; lastKnownFileType = wrapper.framework; name = CoreGraphics.framework; path = System/Library/Frameworks/CoreGraphics.framework; sourceTree = SDKROOT; };
		330F77DA206E716000C7322C /* Foundation.framework */ = {isa = PBXFileReference; lastKnownFileType = wrapper.framework; name = Foundation.framework; path = System/Library/Frameworks/Foundation.framework; sourceTree = SDKROOT; };
		330F77DC206E716600C7322C /* AppKit.framework */ = {isa = PBXFileReference; lastKnownFileType = wrapper.framework; name = AppKit.framework; path = System/Library/Frameworks/AppKit.framework; sourceTree = SDKROOT; };
		33695F70206C36BF004690B5 /* TestsProjectmacOS.app */ = {isa = PBXFileReference; explicitFileType = wrapper.application; includeInIndex = 0; path = TestsProjectmacOS.app; sourceTree = BUILT_PRODUCTS_DIR; };
		33695F73206C36BF004690B5 /* AppDelegate.h */ = {isa = PBXFileReference; lastKnownFileType = sourcecode.c.h; path = AppDelegate.h; sourceTree = "<group>"; };
		33695F74206C36BF004690B5 /* AppDelegate.m */ = {isa = PBXFileReference; lastKnownFileType = sourcecode.c.objc; path = AppDelegate.m; sourceTree = "<group>"; };
		33695F76206C36BF004690B5 /* ViewController.h */ = {isa = PBXFileReference; lastKnownFileType = sourcecode.c.h; path = ViewController.h; sourceTree = "<group>"; };
		33695F77206C36BF004690B5 /* ViewController.m */ = {isa = PBXFileReference; lastKnownFileType = sourcecode.c.objc; path = ViewController.m; sourceTree = "<group>"; };
		33695F79206C36BF004690B5 /* Assets.xcassets */ = {isa = PBXFileReference; lastKnownFileType = folder.assetcatalog; path = Assets.xcassets; sourceTree = "<group>"; };
		33695F7C206C36BF004690B5 /* Base */ = {isa = PBXFileReference; lastKnownFileType = file.storyboard; name = Base; path = Base.lproj/Main.storyboard; sourceTree = "<group>"; };
		33695F7E206C36BF004690B5 /* Info.plist */ = {isa = PBXFileReference; lastKnownFileType = text.plist.xml; path = Info.plist; sourceTree = "<group>"; };
		33695F7F206C36BF004690B5 /* main.m */ = {isa = PBXFileReference; lastKnownFileType = sourcecode.c.objc; path = main.m; sourceTree = "<group>"; };
		33695F81206C36BF004690B5 /* TestsProjectmacOS.entitlements */ = {isa = PBXFileReference; lastKnownFileType = text.plist.entitlements; path = TestsProjectmacOS.entitlements; sourceTree = "<group>"; };
		33695F86206C36BF004690B5 /* TestsProjectmacOSTests.xctest */ = {isa = PBXFileReference; explicitFileType = wrapper.cfbundle; includeInIndex = 0; path = TestsProjectmacOSTests.xctest; sourceTree = BUILT_PRODUCTS_DIR; };
		33695F8C206C36BF004690B5 /* Info.plist */ = {isa = PBXFileReference; lastKnownFileType = text.plist.xml; path = Info.plist; sourceTree = "<group>"; };
		33695F97206C3799004690B5 /* image_sample_right.jpg */ = {isa = PBXFileReference; lastKnownFileType = image.jpeg; path = image_sample_right.jpg; sourceTree = "<group>"; };
		33695F98206C3799004690B5 /* empty.pdf */ = {isa = PBXFileReference; lastKnownFileType = image.pdf; path = empty.pdf; sourceTree = "<group>"; };
		33695F99206C3799004690B5 /* image_sample_up_mirrored.jpg */ = {isa = PBXFileReference; lastKnownFileType = image.jpeg; path = image_sample_up_mirrored.jpg; sourceTree = "<group>"; };
		33695F9A206C3799004690B5 /* image_sample.jpg */ = {isa = PBXFileReference; lastKnownFileType = image.jpeg; path = image_sample.jpg; sourceTree = "<group>"; };
		33695F9B206C3799004690B5 /* well_scaned_page_right.png */ = {isa = PBXFileReference; lastKnownFileType = image.png; path = well_scaned_page_right.png; sourceTree = "<group>"; };
		33695F9C206C3799004690B5 /* well_scaned_page.hOCR */ = {isa = PBXFileReference; fileEncoding = 4; lastKnownFileType = text; path = well_scaned_page.hOCR; sourceTree = "<group>"; };
		33695F9D206C3799004690B5 /* image_sample.hOCR */ = {isa = PBXFileReference; fileEncoding = 4; lastKnownFileType = text; path = image_sample.hOCR; sourceTree = "<group>"; };
		33695F9E206C3799004690B5 /* well_scaned_page_left_mirrored.png */ = {isa = PBXFileReference; lastKnownFileType = image.png; path = well_scaned_page_left_mirrored.png; sourceTree = "<group>"; };
		33695F9F206C3799004690B5 /* well_scaned_page_down.png */ = {isa = PBXFileReference; lastKnownFileType = image.png; path = well_scaned_page_down.png; sourceTree = "<group>"; };
		33695FA0206C3799004690B5 /* image_sample_down_mirrored.jpg */ = {isa = PBXFileReference; lastKnownFileType = image.jpeg; path = image_sample_down_mirrored.jpg; sourceTree = "<group>"; };
		33695FA1206C379A004690B5 /* image_sample_tr.png */ = {isa = PBXFileReference; lastKnownFileType = image.png; path = image_sample_tr.png; sourceTree = "<group>"; };
		33695FA2206C379A004690B5 /* image_sample_bl.png */ = {isa = PBXFileReference; lastKnownFileType = image.png; path = image_sample_bl.png; sourceTree = "<group>"; };
		33695FA3206C379A004690B5 /* image_sample_left.jpg */ = {isa = PBXFileReference; lastKnownFileType = image.jpeg; path = image_sample_left.jpg; sourceTree = "<group>"; };
		33695FA4206C379A004690B5 /* image_sample_left_mirrored.jpg */ = {isa = PBXFileReference; lastKnownFileType = image.jpeg; path = image_sample_left_mirrored.jpg; sourceTree = "<group>"; };
		33695FA5206C379A004690B5 /* well_scaned_page_down_mirrored.png */ = {isa = PBXFileReference; lastKnownFileType = image.png; path = well_scaned_page_down_mirrored.png; sourceTree = "<group>"; };
		33695FA6206C379A004690B5 /* well_scaned_page_left.png */ = {isa = PBXFileReference; lastKnownFileType = image.png; path = well_scaned_page_left.png; sourceTree = "<group>"; };
		33695FA7206C379A004690B5 /* well_scaned_page_up_mirrored.png */ = {isa = PBXFileReference; lastKnownFileType = image.png; path = well_scaned_page_up_mirrored.png; sourceTree = "<group>"; };
		33695FA8206C379A004690B5 /* image_blank.png */ = {isa = PBXFileReference; lastKnownFileType = image.png; path = image_blank.png; sourceTree = "<group>"; };
		33695FA9206C379A004690B5 /* image_sample_right_mirrored.jpg */ = {isa = PBXFileReference; lastKnownFileType = image.jpeg; path = image_sample_right_mirrored.jpg; sourceTree = "<group>"; };
		33695FAA206C379B004690B5 /* well_scaned_page_right_mirrored.png */ = {isa = PBXFileReference; lastKnownFileType = image.png; path = well_scaned_page_right_mirrored.png; sourceTree = "<group>"; };
		33695FAB206C379B004690B5 /* well_scaned_page.png */ = {isa = PBXFileReference; lastKnownFileType = image.png; path = well_scaned_page.png; sourceTree = "<group>"; };
		33695FAC206C379B004690B5 /* image_sample_down.jpg */ = {isa = PBXFileReference; lastKnownFileType = image.jpeg; path = image_sample_down.jpg; sourceTree = "<group>"; };
		33695FAD206C379B004690B5 /* well_scaned_page.pdf */ = {isa = PBXFileReference; lastKnownFileType = image.pdf; path = well_scaned_page.pdf; sourceTree = "<group>"; };
		33695FC5206C37C4004690B5 /* RecognizedBlock.m */ = {isa = PBXFileReference; fileEncoding = 4; lastKnownFileType = sourcecode.c.objc; path = RecognizedBlock.m; sourceTree = "<group>"; };
		33695FC6206C37C5004690B5 /* G8RecognitionTestsHelper.h */ = {isa = PBXFileReference; fileEncoding = 4; lastKnownFileType = sourcecode.c.h; path = G8RecognitionTestsHelper.h; sourceTree = "<group>"; };
		33695FC7206C37C5004690B5 /* NSData+G8Equal.m */ = {isa = PBXFileReference; fileEncoding = 4; lastKnownFileType = sourcecode.c.objc; path = "NSData+G8Equal.m"; sourceTree = "<group>"; };
		33695FC8206C37C5004690B5 /* RecognitionTests.m */ = {isa = PBXFileReference; fileEncoding = 4; lastKnownFileType = sourcecode.c.objc; path = RecognitionTests.m; sourceTree = "<group>"; };
		33695FC9206C37C5004690B5 /* InitializationTests.m */ = {isa = PBXFileReference; fileEncoding = 4; lastKnownFileType = sourcecode.c.objc; path = InitializationTests.m; sourceTree = "<group>"; };
		33695FCA206C37C5004690B5 /* G8RecognitionTestsHelper.m */ = {isa = PBXFileReference; fileEncoding = 4; lastKnownFileType = sourcecode.c.objc; path = G8RecognitionTestsHelper.m; sourceTree = "<group>"; };
		33695FCB206C37C5004690B5 /* Defaults.h */ = {isa = PBXFileReference; fileEncoding = 4; lastKnownFileType = sourcecode.c.h; path = Defaults.h; sourceTree = "<group>"; };
		33695FCC206C37C5004690B5 /* NSImage+G8Equal.h */ = {isa = PBXFileReference; fileEncoding = 4; lastKnownFileType = sourcecode.c.h; path = "NSImage+G8Equal.h"; sourceTree = "<group>"; };
		33695FCD206C37C5004690B5 /* NSData+G8Equal.h */ = {isa = PBXFileReference; fileEncoding = 4; lastKnownFileType = sourcecode.c.h; path = "NSData+G8Equal.h"; sourceTree = "<group>"; };
		33695FCE206C37C5004690B5 /* NSImage+G8Equal.m */ = {isa = PBXFileReference; fileEncoding = 4; lastKnownFileType = sourcecode.c.objc; path = "NSImage+G8Equal.m"; sourceTree = "<group>"; };
		33695FCF206C37C5004690B5 /* Defaults.m */ = {isa = PBXFileReference; fileEncoding = 4; lastKnownFileType = sourcecode.c.objc; path = Defaults.m; sourceTree = "<group>"; };
		33E94EA6207D463B0005399D /* well_scanned_page.png */ = {isa = PBXFileReference; lastKnownFileType = image.png; path = well_scanned_page.png; sourceTree = "<group>"; };
		33E94EAC20801B500005399D /* image_sample_bl_mac.png */ = {isa = PBXFileReference; lastKnownFileType = image.png; path = image_sample_bl_mac.png; sourceTree = "<group>"; };
		B1BF8EFF3AE6E7B74BBCAF03 /* libPods-TestsProjectmacOSTests.a */ = {isa = PBXFileReference; explicitFileType = archive.ar; includeInIndex = 0; path = "libPods-TestsProjectmacOSTests.a"; sourceTree = BUILT_PRODUCTS_DIR; };
		C993EE84012DF010899534AE /* Pods-TestsProjectmacOSTests.debug.xcconfig */ = {isa = PBXFileReference; includeInIndex = 1; lastKnownFileType = text.xcconfig; name = "Pods-TestsProjectmacOSTests.debug.xcconfig"; path = "../Pods/Target Support Files/Pods-TestsProjectmacOSTests/Pods-TestsProjectmacOSTests.debug.xcconfig"; sourceTree = "<group>"; };
/* End PBXFileReference section */

/* Begin PBXFrameworksBuildPhase section */
		33695F6D206C36BF004690B5 /* Frameworks */ = {
			isa = PBXFrameworksBuildPhase;
			buildActionMask = 2147483647;
			files = (
				330F77D7206E714F00C7322C /* TesseractOCRmacOS.framework in Frameworks */,
				330F77DD206E716600C7322C /* AppKit.framework in Frameworks */,
				330F77DB206E716000C7322C /* Foundation.framework in Frameworks */,
				330F77D9206E715A00C7322C /* CoreGraphics.framework in Frameworks */,
			);
			runOnlyForDeploymentPostprocessing = 0;
		};
		33695F83206C36BF004690B5 /* Frameworks */ = {
			isa = PBXFrameworksBuildPhase;
			buildActionMask = 2147483647;
			files = (
				330F77E0206E72AC00C7322C /* TesseractOCRmacOS.framework in Frameworks */,
				8805C55586FAB61FDD33D134 /* libPods-TestsProjectmacOSTests.a in Frameworks */,
			);
			runOnlyForDeploymentPostprocessing = 0;
		};
/* End PBXFrameworksBuildPhase section */

/* Begin PBXGroup section */
		330F77D5206E714F00C7322C /* Frameworks */ = {
			isa = PBXGroup;
			children = (
				330F77DC206E716600C7322C /* AppKit.framework */,
				330F77DA206E716000C7322C /* Foundation.framework */,
				330F77D8206E715A00C7322C /* CoreGraphics.framework */,
				330F77D6206E714F00C7322C /* TesseractOCRmacOS.framework */,
				B1BF8EFF3AE6E7B74BBCAF03 /* libPods-TestsProjectmacOSTests.a */,
			);
			name = Frameworks;
			sourceTree = "<group>";
		};
		33695F67206C36BE004690B5 = {
			isa = PBXGroup;
			children = (
				33695F72206C36BF004690B5 /* TestsProjectmacOS */,
				33695F89206C36BF004690B5 /* TestsProjectmacOSTests */,
				33695F71206C36BF004690B5 /* Products */,
				330F77D5206E714F00C7322C /* Frameworks */,
				D2D7F6BF309D58DBC8AFB17E /* Pods */,
			);
			sourceTree = "<group>";
		};
		33695F71206C36BF004690B5 /* Products */ = {
			isa = PBXGroup;
			children = (
				33695F70206C36BF004690B5 /* TestsProjectmacOS.app */,
				33695F86206C36BF004690B5 /* TestsProjectmacOSTests.xctest */,
			);
			name = Products;
			sourceTree = "<group>";
		};
		33695F72206C36BF004690B5 /* TestsProjectmacOS */ = {
			isa = PBXGroup;
			children = (
				330F77D3206E63ED00C7322C /* tessdata */,
				330F77D1206E63DB00C7322C /* tessdata-rus */,
				33695F96206C3787004690B5 /* Images */,
				33695F73206C36BF004690B5 /* AppDelegate.h */,
				33695F74206C36BF004690B5 /* AppDelegate.m */,
				33695F76206C36BF004690B5 /* ViewController.h */,
				33695F77206C36BF004690B5 /* ViewController.m */,
				33695F79206C36BF004690B5 /* Assets.xcassets */,
				33695F7B206C36BF004690B5 /* Main.storyboard */,
				33695F7E206C36BF004690B5 /* Info.plist */,
				33695F7F206C36BF004690B5 /* main.m */,
				33695F81206C36BF004690B5 /* TestsProjectmacOS.entitlements */,
			);
			path = TestsProjectmacOS;
			sourceTree = "<group>";
		};
		33695F89206C36BF004690B5 /* TestsProjectmacOSTests */ = {
			isa = PBXGroup;
			children = (
				33695FC9206C37C5004690B5 /* InitializationTests.m */,
				33695FC8206C37C5004690B5 /* RecognitionTests.m */,
				33695FC5206C37C4004690B5 /* RecognizedBlock.m */,
				33E94EAE20801EFB0005399D /* Supporting Files */,
				33695FCB206C37C5004690B5 /* Defaults.h */,
				33695FCF206C37C5004690B5 /* Defaults.m */,
				33695F8C206C36BF004690B5 /* Info.plist */,
			);
			path = TestsProjectmacOSTests;
			sourceTree = "<group>";
		};
		33695F96206C3787004690B5 /* Images */ = {
			isa = PBXGroup;
			children = (
				33E94EAC20801B500005399D /* image_sample_bl_mac.png */,
				33695F98206C3799004690B5 /* empty.pdf */,
				33695FA8206C379A004690B5 /* image_blank.png */,
				33695FA2206C379A004690B5 /* image_sample_bl.png */,
				33695FA0206C3799004690B5 /* image_sample_down_mirrored.jpg */,
				33695FAC206C379B004690B5 /* image_sample_down.jpg */,
				33695FA4206C379A004690B5 /* image_sample_left_mirrored.jpg */,
				33695FA3206C379A004690B5 /* image_sample_left.jpg */,
				33695FA9206C379A004690B5 /* image_sample_right_mirrored.jpg */,
				33695F97206C3799004690B5 /* image_sample_right.jpg */,
				33695FA1206C379A004690B5 /* image_sample_tr.png */,
				33695F99206C3799004690B5 /* image_sample_up_mirrored.jpg */,
				33695F9D206C3799004690B5 /* image_sample.hOCR */,
				33695F9A206C3799004690B5 /* image_sample.jpg */,
				33695FA5206C379A004690B5 /* well_scaned_page_down_mirrored.png */,
				33695F9F206C3799004690B5 /* well_scaned_page_down.png */,
				33695F9E206C3799004690B5 /* well_scaned_page_left_mirrored.png */,
				33695FA6206C379A004690B5 /* well_scaned_page_left.png */,
				33695FAA206C379B004690B5 /* well_scaned_page_right_mirrored.png */,
				33695F9B206C3799004690B5 /* well_scaned_page_right.png */,
				33695FA7206C379A004690B5 /* well_scaned_page_up_mirrored.png */,
				33695F9C206C3799004690B5 /* well_scaned_page.hOCR */,
				33695FAD206C379B004690B5 /* well_scaned_page.pdf */,
				33695FAB206C379B004690B5 /* well_scaned_page.png */,
				33E94EA6207D463B0005399D /* well_scanned_page.png */,
			);
			name = Images;
			sourceTree = "<group>";
		};
		33E94EAE20801EFB0005399D /* Supporting Files */ = {
			isa = PBXGroup;
			children = (
				33695FC6206C37C5004690B5 /* G8RecognitionTestsHelper.h */,
				33695FCA206C37C5004690B5 /* G8RecognitionTestsHelper.m */,
				33695FCD206C37C5004690B5 /* NSData+G8Equal.h */,
				33695FC7206C37C5004690B5 /* NSData+G8Equal.m */,
				33695FCC206C37C5004690B5 /* NSImage+G8Equal.h */,
				33695FCE206C37C5004690B5 /* NSImage+G8Equal.m */,
			);
			name = "Supporting Files";
			sourceTree = "<group>";
		};
		D2D7F6BF309D58DBC8AFB17E /* Pods */ = {
			isa = PBXGroup;
			children = (
				C993EE84012DF010899534AE /* Pods-TestsProjectmacOSTests.debug.xcconfig */,
				2A5D3BCD6B8538A5ACFDD037 /* Pods-TestsProjectmacOSTests.release.xcconfig */,
			);
			name = Pods;
			sourceTree = "<group>";
		};
/* End PBXGroup section */

/* Begin PBXNativeTarget section */
		33695F6F206C36BF004690B5 /* TestsProjectmacOS */ = {
			isa = PBXNativeTarget;
			buildConfigurationList = 33695F8F206C36BF004690B5 /* Build configuration list for PBXNativeTarget "TestsProjectmacOS" */;
			buildPhases = (
				33695F6C206C36BF004690B5 /* Sources */,
				33695F6D206C36BF004690B5 /* Frameworks */,
				33695F6E206C36BF004690B5 /* Resources */,
			);
			buildRules = (
			);
			dependencies = (
			);
			name = TestsProjectmacOS;
			productName = TestsProjectmacOS;
			productReference = 33695F70206C36BF004690B5 /* TestsProjectmacOS.app */;
			productType = "com.apple.product-type.application";
		};
		33695F85206C36BF004690B5 /* TestsProjectmacOSTests */ = {
			isa = PBXNativeTarget;
			buildConfigurationList = 33695F92206C36BF004690B5 /* Build configuration list for PBXNativeTarget "TestsProjectmacOSTests" */;
			buildPhases = (
				F0237E965C2A46CC02BDDE18 /* [CP] Check Pods Manifest.lock */,
				33695F82206C36BF004690B5 /* Sources */,
				33695F83206C36BF004690B5 /* Frameworks */,
				33695F84206C36BF004690B5 /* Resources */,
				6BD6C5100B5FD8C3BFE04EE1 /* [CP] Embed Pods Frameworks */,
				98CCB7B9A65C4BE80875D6CA /* [CP] Copy Pods Resources */,
			);
			buildRules = (
			);
			dependencies = (
				33695F88206C36BF004690B5 /* PBXTargetDependency */,
			);
			name = TestsProjectmacOSTests;
			productName = TestsProjectmacOSTests;
			productReference = 33695F86206C36BF004690B5 /* TestsProjectmacOSTests.xctest */;
			productType = "com.apple.product-type.bundle.unit-test";
		};
/* End PBXNativeTarget section */

/* Begin PBXProject section */
		33695F68206C36BE004690B5 /* Project object */ = {
			isa = PBXProject;
			attributes = {
				LastUpgradeCheck = 0930;
				ORGANIZATIONNAME = "Pilgrimage Software";
				TargetAttributes = {
					33695F6F206C36BF004690B5 = {
						CreatedOnToolsVersion = 9.2;
						ProvisioningStyle = Automatic;
					};
					33695F85206C36BF004690B5 = {
						CreatedOnToolsVersion = 9.2;
						ProvisioningStyle = Automatic;
						TestTargetID = 33695F6F206C36BF004690B5;
					};
				};
			};
			buildConfigurationList = 33695F6B206C36BE004690B5 /* Build configuration list for PBXProject "TestsProjectmacOS" */;
			compatibilityVersion = "Xcode 8.0";
			developmentRegion = en;
			hasScannedForEncodings = 0;
			knownRegions = (
				en,
				Base,
			);
			mainGroup = 33695F67206C36BE004690B5;
			productRefGroup = 33695F71206C36BF004690B5 /* Products */;
			projectDirPath = "";
			projectRoot = "";
			targets = (
				33695F6F206C36BF004690B5 /* TestsProjectmacOS */,
				33695F85206C36BF004690B5 /* TestsProjectmacOSTests */,
			);
		};
/* End PBXProject section */

/* Begin PBXResourcesBuildPhase section */
		33695F6E206C36BF004690B5 /* Resources */ = {
			isa = PBXResourcesBuildPhase;
			buildActionMask = 2147483647;
			files = (
				33695FB2206C379B004690B5 /* well_scaned_page_right.png in Resources */,
				33695FB5206C379B004690B5 /* well_scaned_page_left_mirrored.png in Resources */,
				330F77D4206E63ED00C7322C /* tessdata in Resources */,
				33695FB4206C379B004690B5 /* image_sample.hOCR in Resources */,
				33695FBD206C379B004690B5 /* well_scaned_page_left.png in Resources */,
				330F77D2206E63DB00C7322C /* tessdata-rus in Resources */,
				33695FB8206C379B004690B5 /* image_sample_tr.png in Resources */,
				33695FBC206C379B004690B5 /* well_scaned_page_down_mirrored.png in Resources */,
				33695FB0206C379B004690B5 /* image_sample_up_mirrored.jpg in Resources */,
				33695FC3206C379B004690B5 /* image_sample_down.jpg in Resources */,
				33695FC4206C379B004690B5 /* well_scaned_page.pdf in Resources */,
				33695FB1206C379B004690B5 /* image_sample.jpg in Resources */,
				33695FAF206C379B004690B5 /* empty.pdf in Resources */,
				33695FC1206C379B004690B5 /* well_scaned_page_right_mirrored.png in Resources */,
				33E94EAD20801B500005399D /* image_sample_bl_mac.png in Resources */,
				33695FB9206C379B004690B5 /* image_sample_bl.png in Resources */,
				33695FBA206C379B004690B5 /* image_sample_left.jpg in Resources */,
				33E94EA7207D463B0005399D /* well_scanned_page.png in Resources */,
				33695FB3206C379B004690B5 /* well_scaned_page.hOCR in Resources */,
				33695F7A206C36BF004690B5 /* Assets.xcassets in Resources */,
				33695F7D206C36BF004690B5 /* Main.storyboard in Resources */,
				33695FB6206C379B004690B5 /* well_scaned_page_down.png in Resources */,
				33695FC2206C379B004690B5 /* well_scaned_page.png in Resources */,
				33695FAE206C379B004690B5 /* image_sample_right.jpg in Resources */,
				33695FBF206C379B004690B5 /* image_blank.png in Resources */,
				33695FBE206C379B004690B5 /* well_scaned_page_up_mirrored.png in Resources */,
				33695FBB206C379B004690B5 /* image_sample_left_mirrored.jpg in Resources */,
				33695FC0206C379B004690B5 /* image_sample_right_mirrored.jpg in Resources */,
				33695FB7206C379B004690B5 /* image_sample_down_mirrored.jpg in Resources */,
			);
			runOnlyForDeploymentPostprocessing = 0;
		};
		33695F84206C36BF004690B5 /* Resources */ = {
			isa = PBXResourcesBuildPhase;
			buildActionMask = 2147483647;
			files = (
			);
			runOnlyForDeploymentPostprocessing = 0;
		};
/* End PBXResourcesBuildPhase section */

/* Begin PBXShellScriptBuildPhase section */
		6BD6C5100B5FD8C3BFE04EE1 /* [CP] Embed Pods Frameworks */ = {
			isa = PBXShellScriptBuildPhase;
			buildActionMask = 2147483647;
			files = (
			);
			inputPaths = (
			);
			name = "[CP] Embed Pods Frameworks";
			outputPaths = (
			);
			runOnlyForDeploymentPostprocessing = 0;
			shellPath = /bin/sh;
			shellScript = "\"${SRCROOT}/../Pods/Target Support Files/Pods-TestsProjectmacOSTests/Pods-TestsProjectmacOSTests-frameworks.sh\"\n";
			showEnvVarsInLog = 0;
		};
		98CCB7B9A65C4BE80875D6CA /* [CP] Copy Pods Resources */ = {
			isa = PBXShellScriptBuildPhase;
			buildActionMask = 2147483647;
			files = (
			);
			inputPaths = (
			);
			name = "[CP] Copy Pods Resources";
			outputPaths = (
			);
			runOnlyForDeploymentPostprocessing = 0;
			shellPath = /bin/sh;
			shellScript = "\"${SRCROOT}/../Pods/Target Support Files/Pods-TestsProjectmacOSTests/Pods-TestsProjectmacOSTests-resources.sh\"\n";
			showEnvVarsInLog = 0;
		};
		F0237E965C2A46CC02BDDE18 /* [CP] Check Pods Manifest.lock */ = {
			isa = PBXShellScriptBuildPhase;
			buildActionMask = 2147483647;
			files = (
			);
			inputPaths = (
				"${PODS_PODFILE_DIR_PATH}/Podfile.lock",
				"${PODS_ROOT}/Manifest.lock",
			);
			name = "[CP] Check Pods Manifest.lock";
			outputPaths = (
				"$(DERIVED_FILE_DIR)/Pods-TestsProjectmacOSTests-checkManifestLockResult.txt",
			);
			runOnlyForDeploymentPostprocessing = 0;
			shellPath = /bin/sh;
			shellScript = "diff \"${PODS_PODFILE_DIR_PATH}/Podfile.lock\" \"${PODS_ROOT}/Manifest.lock\" > /dev/null\nif [ $? != 0 ] ; then\n    # print error to STDERR\n    echo \"error: The sandbox is not in sync with the Podfile.lock. Run 'pod install' or update your CocoaPods installation.\" >&2\n    exit 1\nfi\n# This output is used by Xcode 'outputs' to avoid re-running this script phase.\necho \"SUCCESS\" > \"${SCRIPT_OUTPUT_FILE_0}\"\n";
			showEnvVarsInLog = 0;
		};
/* End PBXShellScriptBuildPhase section */

/* Begin PBXSourcesBuildPhase section */
		33695F6C206C36BF004690B5 /* Sources */ = {
			isa = PBXSourcesBuildPhase;
			buildActionMask = 2147483647;
			files = (
				33695F78206C36BF004690B5 /* ViewController.m in Sources */,
				33695F80206C36BF004690B5 /* main.m in Sources */,
				33695F75206C36BF004690B5 /* AppDelegate.m in Sources */,
			);
			runOnlyForDeploymentPostprocessing = 0;
		};
		33695F82206C36BF004690B5 /* Sources */ = {
			isa = PBXSourcesBuildPhase;
			buildActionMask = 2147483647;
			files = (
				33695FD6206C37C6004690B5 /* Defaults.m in Sources */,
				33695FD4206C37C6004690B5 /* G8RecognitionTestsHelper.m in Sources */,
				33695FD2206C37C6004690B5 /* RecognitionTests.m in Sources */,
				33695FD0206C37C6004690B5 /* RecognizedBlock.m in Sources */,
				33695FD1206C37C6004690B5 /* NSData+G8Equal.m in Sources */,
				33695FD5206C37C6004690B5 /* NSImage+G8Equal.m in Sources */,
				33695FD3206C37C6004690B5 /* InitializationTests.m in Sources */,
			);
			runOnlyForDeploymentPostprocessing = 0;
		};
/* End PBXSourcesBuildPhase section */

/* Begin PBXTargetDependency section */
		33695F88206C36BF004690B5 /* PBXTargetDependency */ = {
			isa = PBXTargetDependency;
			target = 33695F6F206C36BF004690B5 /* TestsProjectmacOS */;
			targetProxy = 33695F87206C36BF004690B5 /* PBXContainerItemProxy */;
		};
/* End PBXTargetDependency section */

/* Begin PBXVariantGroup section */
		33695F7B206C36BF004690B5 /* Main.storyboard */ = {
			isa = PBXVariantGroup;
			children = (
				33695F7C206C36BF004690B5 /* Base */,
			);
			name = Main.storyboard;
			sourceTree = "<group>";
		};
/* End PBXVariantGroup section */

/* Begin XCBuildConfiguration section */
		33695F8D206C36BF004690B5 /* Debug */ = {
			isa = XCBuildConfiguration;
			buildSettings = {
				ALWAYS_SEARCH_USER_PATHS = NO;
				CLANG_ANALYZER_NONNULL = YES;
				CLANG_ANALYZER_NUMBER_OBJECT_CONVERSION = YES_AGGRESSIVE;
				CLANG_CXX_LANGUAGE_STANDARD = "gnu++14";
				CLANG_CXX_LIBRARY = "libc++";
				CLANG_ENABLE_MODULES = YES;
				CLANG_ENABLE_OBJC_ARC = YES;
				CLANG_WARN_BLOCK_CAPTURE_AUTORELEASING = YES;
				CLANG_WARN_BOOL_CONVERSION = YES;
				CLANG_WARN_COMMA = YES;
				CLANG_WARN_CONSTANT_CONVERSION = YES;
				CLANG_WARN_DEPRECATED_OBJC_IMPLEMENTATIONS = YES;
				CLANG_WARN_DIRECT_OBJC_ISA_USAGE = YES_ERROR;
				CLANG_WARN_DOCUMENTATION_COMMENTS = YES;
				CLANG_WARN_EMPTY_BODY = YES;
				CLANG_WARN_ENUM_CONVERSION = YES;
				CLANG_WARN_INFINITE_RECURSION = YES;
				CLANG_WARN_INT_CONVERSION = YES;
				CLANG_WARN_NON_LITERAL_NULL_CONVERSION = YES;
				CLANG_WARN_OBJC_IMPLICIT_RETAIN_SELF = YES;
				CLANG_WARN_OBJC_LITERAL_CONVERSION = YES;
				CLANG_WARN_OBJC_ROOT_CLASS = YES_ERROR;
				CLANG_WARN_RANGE_LOOP_ANALYSIS = YES;
				CLANG_WARN_STRICT_PROTOTYPES = YES;
				CLANG_WARN_SUSPICIOUS_MOVE = YES;
				CLANG_WARN_UNGUARDED_AVAILABILITY = YES_AGGRESSIVE;
				CLANG_WARN_UNREACHABLE_CODE = YES;
				CLANG_WARN__DUPLICATE_METHOD_MATCH = YES;
				CODE_SIGN_IDENTITY = "-";
				COPY_PHASE_STRIP = NO;
				DEBUG_INFORMATION_FORMAT = dwarf;
				ENABLE_STRICT_OBJC_MSGSEND = YES;
				ENABLE_TESTABILITY = YES;
				GCC_C_LANGUAGE_STANDARD = gnu11;
				GCC_DYNAMIC_NO_PIC = NO;
				GCC_NO_COMMON_BLOCKS = YES;
				GCC_OPTIMIZATION_LEVEL = 0;
				GCC_PREPROCESSOR_DEFINITIONS = (
					"DEBUG=1",
					"$(inherited)",
				);
				GCC_WARN_64_TO_32_BIT_CONVERSION = YES;
				GCC_WARN_ABOUT_RETURN_TYPE = YES_ERROR;
				GCC_WARN_UNDECLARED_SELECTOR = YES;
				GCC_WARN_UNINITIALIZED_AUTOS = YES_AGGRESSIVE;
				GCC_WARN_UNUSED_FUNCTION = YES;
				GCC_WARN_UNUSED_VARIABLE = YES;
				MACOSX_DEPLOYMENT_TARGET = 10.13;
				MTL_ENABLE_DEBUG_INFO = YES;
				ONLY_ACTIVE_ARCH = YES;
				SDKROOT = macosx;
			};
			name = Debug;
		};
		33695F8E206C36BF004690B5 /* Release */ = {
			isa = XCBuildConfiguration;
			buildSettings = {
				ALWAYS_SEARCH_USER_PATHS = NO;
				CLANG_ANALYZER_NONNULL = YES;
				CLANG_ANALYZER_NUMBER_OBJECT_CONVERSION = YES_AGGRESSIVE;
				CLANG_CXX_LANGUAGE_STANDARD = "gnu++14";
				CLANG_CXX_LIBRARY = "libc++";
				CLANG_ENABLE_MODULES = YES;
				CLANG_ENABLE_OBJC_ARC = YES;
				CLANG_WARN_BLOCK_CAPTURE_AUTORELEASING = YES;
				CLANG_WARN_BOOL_CONVERSION = YES;
				CLANG_WARN_COMMA = YES;
				CLANG_WARN_CONSTANT_CONVERSION = YES;
				CLANG_WARN_DEPRECATED_OBJC_IMPLEMENTATIONS = YES;
				CLANG_WARN_DIRECT_OBJC_ISA_USAGE = YES_ERROR;
				CLANG_WARN_DOCUMENTATION_COMMENTS = YES;
				CLANG_WARN_EMPTY_BODY = YES;
				CLANG_WARN_ENUM_CONVERSION = YES;
				CLANG_WARN_INFINITE_RECURSION = YES;
				CLANG_WARN_INT_CONVERSION = YES;
				CLANG_WARN_NON_LITERAL_NULL_CONVERSION = YES;
				CLANG_WARN_OBJC_IMPLICIT_RETAIN_SELF = YES;
				CLANG_WARN_OBJC_LITERAL_CONVERSION = YES;
				CLANG_WARN_OBJC_ROOT_CLASS = YES_ERROR;
				CLANG_WARN_RANGE_LOOP_ANALYSIS = YES;
				CLANG_WARN_STRICT_PROTOTYPES = YES;
				CLANG_WARN_SUSPICIOUS_MOVE = YES;
				CLANG_WARN_UNGUARDED_AVAILABILITY = YES_AGGRESSIVE;
				CLANG_WARN_UNREACHABLE_CODE = YES;
				CLANG_WARN__DUPLICATE_METHOD_MATCH = YES;
				CODE_SIGN_IDENTITY = "-";
				COPY_PHASE_STRIP = NO;
				DEBUG_INFORMATION_FORMAT = "dwarf-with-dsym";
				ENABLE_NS_ASSERTIONS = NO;
				ENABLE_STRICT_OBJC_MSGSEND = YES;
				GCC_C_LANGUAGE_STANDARD = gnu11;
				GCC_NO_COMMON_BLOCKS = YES;
				GCC_WARN_64_TO_32_BIT_CONVERSION = YES;
				GCC_WARN_ABOUT_RETURN_TYPE = YES_ERROR;
				GCC_WARN_UNDECLARED_SELECTOR = YES;
				GCC_WARN_UNINITIALIZED_AUTOS = YES_AGGRESSIVE;
				GCC_WARN_UNUSED_FUNCTION = YES;
				GCC_WARN_UNUSED_VARIABLE = YES;
				MACOSX_DEPLOYMENT_TARGET = 10.13;
				MTL_ENABLE_DEBUG_INFO = NO;
				SDKROOT = macosx;
			};
			name = Release;
		};
		33695F90206C36BF004690B5 /* Debug */ = {
			isa = XCBuildConfiguration;
			buildSettings = {
				ASSETCATALOG_COMPILER_APPICON_NAME = AppIcon;
				CLANG_CXX_LANGUAGE_STANDARD = "gnu++0x";
				CODE_SIGN_ENTITLEMENTS = TestsProjectmacOS/TestsProjectmacOS.entitlements;
				CODE_SIGN_IDENTITY = "";
				CODE_SIGN_STYLE = Automatic;
				COMBINE_HIDPI_IMAGES = YES;
				GCC_VERSION = "";
				INFOPLIST_FILE = TestsProjectmacOS/Info.plist;
				LD_RUNPATH_SEARCH_PATHS = "$(inherited) @executable_path/../Frameworks";
				OTHER_LDFLAGS = "-lc++";
				PRODUCT_BUNDLE_IDENTIFIER = com.pilgrimagesoftware.lib.TestsProjectmacOS;
				PRODUCT_NAME = "$(TARGET_NAME)";
				VALID_ARCHS = "x86_64 i386";
			};
			name = Debug;
		};
		33695F91206C36BF004690B5 /* Release */ = {
			isa = XCBuildConfiguration;
			buildSettings = {
				ASSETCATALOG_COMPILER_APPICON_NAME = AppIcon;
				CLANG_CXX_LANGUAGE_STANDARD = "gnu++0x";
				CODE_SIGN_ENTITLEMENTS = TestsProjectmacOS/TestsProjectmacOS.entitlements;
				CODE_SIGN_IDENTITY = "";
				CODE_SIGN_STYLE = Automatic;
				COMBINE_HIDPI_IMAGES = YES;
				GCC_VERSION = "";
				INFOPLIST_FILE = TestsProjectmacOS/Info.plist;
				LD_RUNPATH_SEARCH_PATHS = "$(inherited) @executable_path/../Frameworks";
				OTHER_LDFLAGS = "-lc++";
				PRODUCT_BUNDLE_IDENTIFIER = com.pilgrimagesoftware.lib.TestsProjectmacOS;
				PRODUCT_NAME = "$(TARGET_NAME)";
				VALID_ARCHS = "x86_64 i386";
			};
			name = Release;
		};
		33695F93206C36BF004690B5 /* Debug */ = {
			isa = XCBuildConfiguration;
			baseConfigurationReference = C993EE84012DF010899534AE /* Pods-TestsProjectmacOSTests.debug.xcconfig */;
			buildSettings = {
				BUNDLE_LOADER = "$(TEST_HOST)";
				CLANG_CXX_LANGUAGE_STANDARD = "gnu++0x";
				CODE_SIGN_STYLE = Automatic;
				COMBINE_HIDPI_IMAGES = YES;
				INFOPLIST_FILE = TestsProjectmacOSTests/Info.plist;
				LD_RUNPATH_SEARCH_PATHS = "$(inherited) @executable_path/../Frameworks @loader_path/../Frameworks";
				OTHER_LDFLAGS = (
					"-lc++",
					"-lz",
					"$(inherited)",
				);
				PRODUCT_BUNDLE_IDENTIFIER = com.pilgrimagesoftware.lib.TestsProjectmacOSTests;
				PRODUCT_NAME = "$(TARGET_NAME)";
				TEST_HOST = "$(BUILT_PRODUCTS_DIR)/TestsProjectmacOS.app/Contents/MacOS/TestsProjectmacOS";
			};
			name = Debug;
		};
		33695F94206C36BF004690B5 /* Release */ = {
			isa = XCBuildConfiguration;
			baseConfigurationReference = 2A5D3BCD6B8538A5ACFDD037 /* Pods-TestsProjectmacOSTests.release.xcconfig */;
			buildSettings = {
				BUNDLE_LOADER = "$(TEST_HOST)";
				CLANG_CXX_LANGUAGE_STANDARD = "gnu++0x";
				CODE_SIGN_STYLE = Automatic;
				COMBINE_HIDPI_IMAGES = YES;
				INFOPLIST_FILE = TestsProjectmacOSTests/Info.plist;
				LD_RUNPATH_SEARCH_PATHS = "$(inherited) @executable_path/../Frameworks @loader_path/../Frameworks";
				OTHER_LDFLAGS = (
					"-lc++",
					"-lz",
					"$(inherited)",
				);
				PRODUCT_BUNDLE_IDENTIFIER = com.pilgrimagesoftware.lib.TestsProjectmacOSTests;
				PRODUCT_NAME = "$(TARGET_NAME)";
				TEST_HOST = "$(BUILT_PRODUCTS_DIR)/TestsProjectmacOS.app/Contents/MacOS/TestsProjectmacOS";
			};
			name = Release;
		};
/* End XCBuildConfiguration section */

/* Begin XCConfigurationList section */
		33695F6B206C36BE004690B5 /* Build configuration list for PBXProject "TestsProjectmacOS" */ = {
			isa = XCConfigurationList;
			buildConfigurations = (
				33695F8D206C36BF004690B5 /* Debug */,
				33695F8E206C36BF004690B5 /* Release */,
			);
			defaultConfigurationIsVisible = 0;
			defaultConfigurationName = Release;
		};
		33695F8F206C36BF004690B5 /* Build configuration list for PBXNativeTarget "TestsProjectmacOS" */ = {
			isa = XCConfigurationList;
			buildConfigurations = (
				33695F90206C36BF004690B5 /* Debug */,
				33695F91206C36BF004690B5 /* Release */,
			);
			defaultConfigurationIsVisible = 0;
			defaultConfigurationName = Release;
		};
		33695F92206C36BF004690B5 /* Build configuration list for PBXNativeTarget "TestsProjectmacOSTests" */ = {
			isa = XCConfigurationList;
			buildConfigurations = (
				33695F93206C36BF004690B5 /* Debug */,
				33695F94206C36BF004690B5 /* Release */,
			);
			defaultConfigurationIsVisible = 0;
			defaultConfigurationName = Release;
		};
/* End XCConfigurationList section */
	};
	rootObject = 33695F68206C36BE004690B5 /* Project object */;
}
